// !$*UTF8*$!
{
	archiveVersion = 1;
	classes = {
	};
	objectVersion = 46;
	objects = {

/* Begin PBXBuildFile section */
		270D5AA4196EEDF3007EA975 /* testing-ring02@2x.png in Resources */ = {isa = PBXBuildFile; fileRef = 270D5AA3196EEDF3007EA975 /* testing-ring02@2x.png */; };
		270F18331966CCF300F6D354 /* AFHTTPRequestOperation.m in Sources */ = {isa = PBXBuildFile; fileRef = 270F180F1966CCF300F6D354 /* AFHTTPRequestOperation.m */; };
		270F18341966CCF300F6D354 /* AFHTTPRequestOperationManager.m in Sources */ = {isa = PBXBuildFile; fileRef = 270F18111966CCF300F6D354 /* AFHTTPRequestOperationManager.m */; };
		270F18351966CCF300F6D354 /* AFHTTPSessionManager.m in Sources */ = {isa = PBXBuildFile; fileRef = 270F18131966CCF300F6D354 /* AFHTTPSessionManager.m */; };
		270F18361966CCF300F6D354 /* AFNetworkReachabilityManager.m in Sources */ = {isa = PBXBuildFile; fileRef = 270F18161966CCF300F6D354 /* AFNetworkReachabilityManager.m */; };
		270F18371966CCF300F6D354 /* AFSecurityPolicy.m in Sources */ = {isa = PBXBuildFile; fileRef = 270F18181966CCF300F6D354 /* AFSecurityPolicy.m */; };
		270F18381966CCF300F6D354 /* AFURLConnectionOperation.m in Sources */ = {isa = PBXBuildFile; fileRef = 270F181A1966CCF300F6D354 /* AFURLConnectionOperation.m */; };
		270F18391966CCF300F6D354 /* AFURLRequestSerialization.m in Sources */ = {isa = PBXBuildFile; fileRef = 270F181C1966CCF300F6D354 /* AFURLRequestSerialization.m */; };
		270F183A1966CCF300F6D354 /* AFURLResponseSerialization.m in Sources */ = {isa = PBXBuildFile; fileRef = 270F181E1966CCF300F6D354 /* AFURLResponseSerialization.m */; };
		270F183B1966CCF300F6D354 /* AFURLSessionManager.m in Sources */ = {isa = PBXBuildFile; fileRef = 270F18201966CCF300F6D354 /* AFURLSessionManager.m */; };
		270F183C1966CCF300F6D354 /* AFNetworkActivityIndicatorManager.m in Sources */ = {isa = PBXBuildFile; fileRef = 270F18231966CCF300F6D354 /* AFNetworkActivityIndicatorManager.m */; };
		270F183D1966CCF300F6D354 /* UIActivityIndicatorView+AFNetworking.m in Sources */ = {isa = PBXBuildFile; fileRef = 270F18251966CCF300F6D354 /* UIActivityIndicatorView+AFNetworking.m */; };
		270F183E1966CCF300F6D354 /* UIAlertView+AFNetworking.m in Sources */ = {isa = PBXBuildFile; fileRef = 270F18271966CCF300F6D354 /* UIAlertView+AFNetworking.m */; };
		270F183F1966CCF300F6D354 /* UIButton+AFNetworking.m in Sources */ = {isa = PBXBuildFile; fileRef = 270F18291966CCF300F6D354 /* UIButton+AFNetworking.m */; };
		270F18401966CCF300F6D354 /* UIImageView+AFNetworking.m in Sources */ = {isa = PBXBuildFile; fileRef = 270F182B1966CCF300F6D354 /* UIImageView+AFNetworking.m */; };
		270F18411966CCF300F6D354 /* UIProgressView+AFNetworking.m in Sources */ = {isa = PBXBuildFile; fileRef = 270F182E1966CCF300F6D354 /* UIProgressView+AFNetworking.m */; };
		270F18421966CCF300F6D354 /* UIRefreshControl+AFNetworking.m in Sources */ = {isa = PBXBuildFile; fileRef = 270F18301966CCF300F6D354 /* UIRefreshControl+AFNetworking.m */; };
		270F18431966CCF300F6D354 /* UIWebView+AFNetworking.m in Sources */ = {isa = PBXBuildFile; fileRef = 270F18321966CCF300F6D354 /* UIWebView+AFNetworking.m */; };
		2718144919694141007C42A0 /* carModel@2x.png in Resources */ = {isa = PBXBuildFile; fileRef = 2718144819694141007C42A0 /* carModel@2x.png */; };
		2718145419694885007C42A0 /* home-ranking-1@2x.png in Resources */ = {isa = PBXBuildFile; fileRef = 2718144A19694885007C42A0 /* home-ranking-1@2x.png */; };
		2718145519694885007C42A0 /* home-ranking-2@2x.png in Resources */ = {isa = PBXBuildFile; fileRef = 2718144B19694885007C42A0 /* home-ranking-2@2x.png */; };
		2718145619694885007C42A0 /* home-ranking-3@2x.png in Resources */ = {isa = PBXBuildFile; fileRef = 2718144C19694885007C42A0 /* home-ranking-3@2x.png */; };
		2718145719694885007C42A0 /* home-ranking-4@2x.png in Resources */ = {isa = PBXBuildFile; fileRef = 2718144D19694885007C42A0 /* home-ranking-4@2x.png */; };
		2718145819694885007C42A0 /* home-ranking-5@2x.png in Resources */ = {isa = PBXBuildFile; fileRef = 2718144E19694885007C42A0 /* home-ranking-5@2x.png */; };
		2718145919694885007C42A0 /* home-ranking-6@2x.png in Resources */ = {isa = PBXBuildFile; fileRef = 2718144F19694885007C42A0 /* home-ranking-6@2x.png */; };
		2718145A19694885007C42A0 /* home-ranking-7@2x.png in Resources */ = {isa = PBXBuildFile; fileRef = 2718145019694885007C42A0 /* home-ranking-7@2x.png */; };
		2718145B19694885007C42A0 /* home-ranking-8@2x.png in Resources */ = {isa = PBXBuildFile; fileRef = 2718145119694885007C42A0 /* home-ranking-8@2x.png */; };
		2718145C19694885007C42A0 /* home-ranking-9@2x.png in Resources */ = {isa = PBXBuildFile; fileRef = 2718145219694885007C42A0 /* home-ranking-9@2x.png */; };
		2718145D19694885007C42A0 /* home-ranking-10@2x.png in Resources */ = {isa = PBXBuildFile; fileRef = 2718145319694885007C42A0 /* home-ranking-10@2x.png */; };
		271814631969561C007C42A0 /* myResult-1-input@2x.png in Resources */ = {isa = PBXBuildFile; fileRef = 2718145E1969561C007C42A0 /* myResult-1-input@2x.png */; };
		271814641969561C007C42A0 /* myResult-2-input@2x.png in Resources */ = {isa = PBXBuildFile; fileRef = 2718145F1969561C007C42A0 /* myResult-2-input@2x.png */; };
		271814651969561C007C42A0 /* myResult-3-input@2x.png in Resources */ = {isa = PBXBuildFile; fileRef = 271814601969561C007C42A0 /* myResult-3-input@2x.png */; };
		271814661969561C007C42A0 /* myResult-4-input@2x.png in Resources */ = {isa = PBXBuildFile; fileRef = 271814611969561C007C42A0 /* myResult-4-input@2x.png */; };
		271814671969561C007C42A0 /* myResult-5-input@2x.png in Resources */ = {isa = PBXBuildFile; fileRef = 271814621969561C007C42A0 /* myResult-5-input@2x.png */; };
		27181469196986DC007C42A0 /* race.wav in Resources */ = {isa = PBXBuildFile; fileRef = 27181468196986DC007C42A0 /* race.wav */; };
		2718146E196B0295007C42A0 /* testing-guide01@2x.jpg in Resources */ = {isa = PBXBuildFile; fileRef = 2718146D196B0295007C42A0 /* testing-guide01@2x.jpg */; };
		27181470196B0405007C42A0 /* testing-ring01@2x.png in Resources */ = {isa = PBXBuildFile; fileRef = 2718146F196B0405007C42A0 /* testing-ring01@2x.png */; };
		27181479196C498A007C42A0 /* testing-step3-01@2x.png in Resources */ = {isa = PBXBuildFile; fileRef = 27181476196C498A007C42A0 /* testing-step3-01@2x.png */; };
		2718147A196C498A007C42A0 /* testing-step3-02@2x.png in Resources */ = {isa = PBXBuildFile; fileRef = 27181477196C498A007C42A0 /* testing-step3-02@2x.png */; };
		2718147B196C498A007C42A0 /* testing-step3-03@2x.png in Resources */ = {isa = PBXBuildFile; fileRef = 27181478196C498A007C42A0 /* testing-step3-03@2x.png */; };
		2722FC95195ED223004C1191 /* 启动画面01@2x.jpg in Resources */ = {isa = PBXBuildFile; fileRef = 2722FC92195ED223004C1191 /* 启动画面01@2x.jpg */; };
		2722FC96195ED223004C1191 /* 启动画面02@2x.jpg in Resources */ = {isa = PBXBuildFile; fileRef = 2722FC93195ED223004C1191 /* 启动画面02@2x.jpg */; };
		2722FC97195ED223004C1191 /* 启动画面03@2x.jpg in Resources */ = {isa = PBXBuildFile; fileRef = 2722FC94195ED223004C1191 /* 启动画面03@2x.jpg */; };
		2722FCA9195EE8C7004C1191 /* MYIntroductionView.m in Sources */ = {isa = PBXBuildFile; fileRef = 2722FCA6195EE8C7004C1191 /* MYIntroductionView.m */; };
		2722FCAA195EE8C7004C1191 /* MYIntroductionPanel.m in Sources */ = {isa = PBXBuildFile; fileRef = 2722FCA8195EE8C7004C1191 /* MYIntroductionPanel.m */; };
		2722FCAD195FBF58004C1191 /* dabiaocheGuidePageViewController.m in Sources */ = {isa = PBXBuildFile; fileRef = 2722FCAC195FBF58004C1191 /* dabiaocheGuidePageViewController.m */; };
		2722FCB0196058B1004C1191 /* RequestPostUploadHelper.m in Sources */ = {isa = PBXBuildFile; fileRef = 2722FCAF196058B1004C1191 /* RequestPostUploadHelper.m */; };
		2723F5EF19437023000B59F7 /* AVFoundation.framework in Frameworks */ = {isa = PBXBuildFile; fileRef = 2723F5EE19437023000B59F7 /* AVFoundation.framework */; };
		2723F5F41944716B000B59F7 /* dabiaocheHomeRankingCell.m in Sources */ = {isa = PBXBuildFile; fileRef = 2723F5F31944716B000B59F7 /* dabiaocheHomeRankingCell.m */; };
		275DFE84193C3D5400101F59 /* dabiaocheMyRecordViewController.m in Sources */ = {isa = PBXBuildFile; fileRef = 275DFE83193C3D5400101F59 /* dabiaocheMyRecordViewController.m */; };
		275DFE87193C41E300101F59 /* dabiaocheCarModelRecordTableViewCell.m in Sources */ = {isa = PBXBuildFile; fileRef = 275DFE86193C41E300101F59 /* dabiaocheCarModelRecordTableViewCell.m */; };
		275DFE8A193C464100101F59 /* dabiaocheCarModelSingleRecordTableViewCell.m in Sources */ = {isa = PBXBuildFile; fileRef = 275DFE89193C464100101F59 /* dabiaocheCarModelSingleRecordTableViewCell.m */; };
		275DFE8E193CB94A00101F59 /* NSObject+JSONCategories.m in Sources */ = {isa = PBXBuildFile; fileRef = 275DFE8D193CB94A00101F59 /* NSObject+JSONCategories.m */; };
		27A9ADD61971934300D73C29 /* UIDevice+Resolutions.m in Sources */ = {isa = PBXBuildFile; fileRef = 27A9ADD51971934300D73C29 /* UIDevice+Resolutions.m */; };
		27A9ADDA19719CA500D73C29 /* 启动画面01_640@2x.jpg in Resources */ = {isa = PBXBuildFile; fileRef = 27A9ADD719719CA500D73C29 /* 启动画面01_640@2x.jpg */; };
		27A9ADDB19719CA500D73C29 /* 启动画面02_640@2x.jpg in Resources */ = {isa = PBXBuildFile; fileRef = 27A9ADD819719CA500D73C29 /* 启动画面02_640@2x.jpg */; };
		27A9ADDC19719CA500D73C29 /* 启动画面03_640@2x.jpg in Resources */ = {isa = PBXBuildFile; fileRef = 27A9ADD919719CA500D73C29 /* 启动画面03_640@2x.jpg */; };
		27A9ADDE197241FC00D73C29 /* aboutUs-logo@2x.png in Resources */ = {isa = PBXBuildFile; fileRef = 27A9ADDD197241FC00D73C29 /* aboutUs-logo@2x.png */; };
		27A9ADE21972E73300D73C29 /* help-title@2x.png in Resources */ = {isa = PBXBuildFile; fileRef = 27A9ADE11972E73300D73C29 /* help-title@2x.png */; };
		27BCF15E19557EB8003B34CB /* dabiaocheSettingViewController.m in Sources */ = {isa = PBXBuildFile; fileRef = 27BCF15D19557EB8003B34CB /* dabiaocheSettingViewController.m */; };
		27BCF163195871E9003B34CB /* common-guanbi@2x.png in Resources */ = {isa = PBXBuildFile; fileRef = 27BCF162195871E9003B34CB /* common-guanbi@2x.png */; };
		27C48AAA196D8F95002FE623 /* dabiaochetestViewController.m in Sources */ = {isa = PBXBuildFile; fileRef = 27C48AA9196D8F95002FE623 /* dabiaochetestViewController.m */; };
		E5006E7B18F92D120059B3FD /* testing-yuandian-input@2x.png in Resources */ = {isa = PBXBuildFile; fileRef = E5006E7818F92D120059B3FD /* testing-yuandian-input@2x.png */; };
		E5006E7C18F92D120059B3FD /* testing-duanfenge-input@2x.png in Resources */ = {isa = PBXBuildFile; fileRef = E5006E7918F92D120059B3FD /* testing-duanfenge-input@2x.png */; };
		E5006E7D18F92D120059B3FD /* testing-shuxian-input@2x.png in Resources */ = {isa = PBXBuildFile; fileRef = E5006E7A18F92D120059B3FD /* testing-shuxian-input@2x.png */; };
		E52C6F0019323A7200780E53 /* dabiaocheSaveRecordChooseCarmodelViewController.m in Sources */ = {isa = PBXBuildFile; fileRef = E52C6EFF19323A7200780E53 /* dabiaocheSaveRecordChooseCarmodelViewController.m */; };
		E5311FF2192759EB004A8ABA /* testResult-yuanquan-input@2x.png in Resources */ = {isa = PBXBuildFile; fileRef = E5311FF1192759EB004A8ABA /* testResult-yuanquan-input@2x.png */; };
		E5311FF51927A3F9004A8ABA /* dabiaocheRaceResultViewController.m in Sources */ = {isa = PBXBuildFile; fileRef = E5311FF41927A3F9004A8ABA /* dabiaocheRaceResultViewController.m */; };
		E5311FF81927B240004A8ABA /* dabiaocheRaceRecordCell.m in Sources */ = {isa = PBXBuildFile; fileRef = E5311FF71927B240004A8ABA /* dabiaocheRaceRecordCell.m */; };
		E5311FFB192A50BE004A8ABA /* iPhoneGraphViewController.m in Sources */ = {isa = PBXBuildFile; fileRef = E5311FF9192A50BE004A8ABA /* iPhoneGraphViewController.m */; };
		E5311FFE1930AE83004A8ABA /* dabiaocheImageLableCell.m in Sources */ = {isa = PBXBuildFile; fileRef = E5311FFD1930AE83004A8ABA /* dabiaocheImageLableCell.m */; };
		E5312006193114AD004A8ABA /* common-gou-input@2x.png in Resources */ = {isa = PBXBuildFile; fileRef = E5312005193114AD004A8ABA /* common-gou-input@2x.png */; };
		E53F209319055D800029DF53 /* dabiaocheBrandViewController.m in Sources */ = {isa = PBXBuildFile; fileRef = E53F209219055D800029DF53 /* dabiaocheBrandViewController.m */; };
		E53F2098190BE3F40029DF53 /* dabiaocheCarModelViewController.m in Sources */ = {isa = PBXBuildFile; fileRef = E53F2097190BE3F40029DF53 /* dabiaocheCarModelViewController.m */; };
		E53F209B190D640E0029DF53 /* dabiaocheEditBoxViewController.m in Sources */ = {isa = PBXBuildFile; fileRef = E53F209A190D640E0029DF53 /* dabiaocheEditBoxViewController.m */; };
		E53F209D190FF2AD0029DF53 /* CoreLocation.framework in Frameworks */ = {isa = PBXBuildFile; fileRef = E53F209C190FF2AD0029DF53 /* CoreLocation.framework */; };
		E53F20A019128A3E0029DF53 /* dabiaocheCityViewController.m in Sources */ = {isa = PBXBuildFile; fileRef = E53F209F19128A3E0029DF53 /* dabiaocheCityViewController.m */; };
		E59C20BA194F4A9200B1EF79 /* home-shezhi-input@2x.png in Resources */ = {isa = PBXBuildFile; fileRef = E59C20B9194F4A9200B1EF79 /* home-shezhi-input@2x.png */; };
		E5A61B6D18EFEA5800ED74A8 /* Foundation.framework in Frameworks */ = {isa = PBXBuildFile; fileRef = E5A61B6C18EFEA5800ED74A8 /* Foundation.framework */; };
		E5A61B6F18EFEA5800ED74A8 /* CoreGraphics.framework in Frameworks */ = {isa = PBXBuildFile; fileRef = E5A61B6E18EFEA5800ED74A8 /* CoreGraphics.framework */; };
		E5A61B7118EFEA5800ED74A8 /* UIKit.framework in Frameworks */ = {isa = PBXBuildFile; fileRef = E5A61B7018EFEA5800ED74A8 /* UIKit.framework */; };
		E5A61B7318EFEA5800ED74A8 /* CoreData.framework in Frameworks */ = {isa = PBXBuildFile; fileRef = E5A61B7218EFEA5800ED74A8 /* CoreData.framework */; };
		E5A61B7918EFEA5800ED74A8 /* InfoPlist.strings in Resources */ = {isa = PBXBuildFile; fileRef = E5A61B7718EFEA5800ED74A8 /* InfoPlist.strings */; };
		E5A61B7B18EFEA5800ED74A8 /* main.m in Sources */ = {isa = PBXBuildFile; fileRef = E5A61B7A18EFEA5800ED74A8 /* main.m */; };
		E5A61B7F18EFEA5800ED74A8 /* dabiaocheAppDelegate.m in Sources */ = {isa = PBXBuildFile; fileRef = E5A61B7E18EFEA5800ED74A8 /* dabiaocheAppDelegate.m */; };
		E5A61B8218EFEA5900ED74A8 /* dabiaoche.xcdatamodeld in Sources */ = {isa = PBXBuildFile; fileRef = E5A61B8018EFEA5800ED74A8 /* dabiaoche.xcdatamodeld */; };
		E5A61B8418EFEA5900ED74A8 /* Images.xcassets in Resources */ = {isa = PBXBuildFile; fileRef = E5A61B8318EFEA5900ED74A8 /* Images.xcassets */; };
		E5A61B8B18EFEA5900ED74A8 /* XCTest.framework in Frameworks */ = {isa = PBXBuildFile; fileRef = E5A61B8A18EFEA5900ED74A8 /* XCTest.framework */; };
		E5A61B8C18EFEA5900ED74A8 /* Foundation.framework in Frameworks */ = {isa = PBXBuildFile; fileRef = E5A61B6C18EFEA5800ED74A8 /* Foundation.framework */; };
		E5A61B8D18EFEA5900ED74A8 /* UIKit.framework in Frameworks */ = {isa = PBXBuildFile; fileRef = E5A61B7018EFEA5800ED74A8 /* UIKit.framework */; };
		E5A61B8E18EFEA5900ED74A8 /* CoreData.framework in Frameworks */ = {isa = PBXBuildFile; fileRef = E5A61B7218EFEA5800ED74A8 /* CoreData.framework */; };
		E5A61B9618EFEA5900ED74A8 /* InfoPlist.strings in Resources */ = {isa = PBXBuildFile; fileRef = E5A61B9418EFEA5900ED74A8 /* InfoPlist.strings */; };
		E5A61B9818EFEA5900ED74A8 /* dabiaocheTests.m in Sources */ = {isa = PBXBuildFile; fileRef = E5A61B9718EFEA5900ED74A8 /* dabiaocheTests.m */; };
		E5A61BA218EFEBDB00ED74A8 /* Storyboard.storyboard in Resources */ = {isa = PBXBuildFile; fileRef = E5A61BA118EFEBDB00ED74A8 /* Storyboard.storyboard */; };
		E5A61BB018EFF2FE00ED74A8 /* common-qita-input@2x.png in Resources */ = {isa = PBXBuildFile; fileRef = E5A61BA418EFF2FE00ED74A8 /* common-qita-input@2x.png */; };
		E5A61BB118EFF2FE00ED74A8 /* common-changanniu-input@2x.png in Resources */ = {isa = PBXBuildFile; fileRef = E5A61BA518EFF2FE00ED74A8 /* common-changanniu-input@2x.png */; };
		E5A61BB218EFF2FE00ED74A8 /* common-fenge-input@2x.png in Resources */ = {isa = PBXBuildFile; fileRef = E5A61BA618EFF2FE00ED74A8 /* common-fenge-input@2x.png */; };
		E5A61BB318EFF2FE00ED74A8 /* common-genghuan-input@2x.png in Resources */ = {isa = PBXBuildFile; fileRef = E5A61BA718EFF2FE00ED74A8 /* common-genghuan-input@2x.png */; };
		E5A61BB418EFF2FE00ED74A8 /* common-houtui-input@2x.png in Resources */ = {isa = PBXBuildFile; fileRef = E5A61BA818EFF2FE00ED74A8 /* common-houtui-input@2x.png */; };
		E5A61BB518EFF2FE00ED74A8 /* common-jiantou-input@2x.png in Resources */ = {isa = PBXBuildFile; fileRef = E5A61BA918EFF2FE00ED74A8 /* common-jiantou-input@2x.png */; };
		E5A61BB618EFF2FE00ED74A8 /* common-mima-input@2x.png in Resources */ = {isa = PBXBuildFile; fileRef = E5A61BAA18EFF2FE00ED74A8 /* common-mima-input@2x.png */; };
		E5A61BB718EFF2FE00ED74A8 /* common-shanchu-input@2x.png in Resources */ = {isa = PBXBuildFile; fileRef = E5A61BAB18EFF2FE00ED74A8 /* common-shanchu-input@2x.png */; };
		E5A61BB818EFF2FE00ED74A8 /* common-shurukuang-input@2x.png in Resources */ = {isa = PBXBuildFile; fileRef = E5A61BAC18EFF2FE00ED74A8 /* common-shurukuang-input@2x.png */; };
		E5A61BB918EFF2FE00ED74A8 /* common-yonghuming-input@2x.png in Resources */ = {isa = PBXBuildFile; fileRef = E5A61BAD18EFF2FE00ED74A8 /* common-yonghuming-input@2x.png */; };
		E5A61BBA18EFF2FE00ED74A8 /* common-youjian-input@2x.png in Resources */ = {isa = PBXBuildFile; fileRef = E5A61BAE18EFF2FE00ED74A8 /* common-youjian-input@2x.png */; };
		E5A61BBB18EFF2FE00ED74A8 /* common-zhonganniu-input@2x.png in Resources */ = {isa = PBXBuildFile; fileRef = E5A61BAF18EFF2FE00ED74A8 /* common-zhonganniu-input@2x.png */; };
		E5A61BC218EFF33D00ED74A8 /* home-pai2-input@2x.png in Resources */ = {isa = PBXBuildFile; fileRef = E5A61BBC18EFF33D00ED74A8 /* home-pai2-input@2x.png */; };
		E5A61BC318EFF33D00ED74A8 /* home-daanniu-input@2x.png in Resources */ = {isa = PBXBuildFile; fileRef = E5A61BBD18EFF33D00ED74A8 /* home-daanniu-input@2x.png */; };
		E5A61BC418EFF33D00ED74A8 /* home-jin-input@2x.png in Resources */ = {isa = PBXBuildFile; fileRef = E5A61BBE18EFF33D00ED74A8 /* home-jin-input@2x.png */; };
		E5A61BC518EFF33D00ED74A8 /* home-pai1-input@2x.png in Resources */ = {isa = PBXBuildFile; fileRef = E5A61BBF18EFF33D00ED74A8 /* home-pai1-input@2x.png */; };
		E5A61BC618EFF33D00ED74A8 /* home-tong-input@2x.png in Resources */ = {isa = PBXBuildFile; fileRef = E5A61BC018EFF33D00ED74A8 /* home-tong-input@2x.png */; };
		E5A61BC718EFF33D00ED74A8 /* home-yin-input@2x.png in Resources */ = {isa = PBXBuildFile; fileRef = E5A61BC118EFF33D00ED74A8 /* home-yin-input@2x.png */; };
		E5A61BCC18F04BDD00ED74A8 /* dabiaocheHomeViewController.m in Sources */ = {isa = PBXBuildFile; fileRef = E5A61BCB18F04BDD00ED74A8 /* dabiaocheHomeViewController.m */; };
		E5A61BCF18F04D9E00ED74A8 /* dabiaocheRegisterViewController.m in Sources */ = {isa = PBXBuildFile; fileRef = E5A61BCE18F04D9E00ED74A8 /* dabiaocheRegisterViewController.m */; };
		E5AEE95919167C000095E10C /* NSString+MD5HexDigest.m in Sources */ = {isa = PBXBuildFile; fileRef = E5AEE95819167C000095E10C /* NSString+MD5HexDigest.m */; };
		E5AEE95C19168BE00095E10C /* dabiaocheLoginViewController.m in Sources */ = {isa = PBXBuildFile; fileRef = E5AEE95B19168BE00095E10C /* dabiaocheLoginViewController.m */; };
		E5AEE95F191BC8230095E10C /* GraphView.m in Sources */ = {isa = PBXBuildFile; fileRef = E5AEE95E191BC8230095E10C /* GraphView.m */; };
		E5AEE962191BCA340095E10C /* AccelerometerFilter.m in Sources */ = {isa = PBXBuildFile; fileRef = E5AEE961191BCA340095E10C /* AccelerometerFilter.m */; };
		E5AEE965191BCBA90095E10C /* dabiaocheDragRaceViewController.m in Sources */ = {isa = PBXBuildFile; fileRef = E5AEE964191BCBA90095E10C /* dabiaocheDragRaceViewController.m */; };
		E5AEE967191BD8A00095E10C /* CoreMotion.framework in Frameworks */ = {isa = PBXBuildFile; fileRef = E5AEE966191BD8A00095E10C /* CoreMotion.framework */; };
/* End PBXBuildFile section */

/* Begin PBXBuildRule section */
		27425EC4198008980060FC61 /* PBXBuildRule */ = {
			isa = PBXBuildRule;
			compilerSpec = com.apple.compilers.proxy.script;
			fileType = pattern.proxy;
			isEditable = 1;
			outputFiles = (
			);
		};
		27425EC51980089B0060FC61 /* PBXBuildRule */ = {
			isa = PBXBuildRule;
			compilerSpec = com.apple.compilers.proxy.script;
			fileType = pattern.proxy;
			isEditable = 1;
			outputFiles = (
			);
		};
/* End PBXBuildRule section */

/* Begin PBXContainerItemProxy section */
		E5A61B8F18EFEA5900ED74A8 /* PBXContainerItemProxy */ = {
			isa = PBXContainerItemProxy;
			containerPortal = E5A61B6118EFEA5700ED74A8 /* Project object */;
			proxyType = 1;
			remoteGlobalIDString = E5A61B6818EFEA5700ED74A8;
			remoteInfo = dabiaoche;
		};
/* End PBXContainerItemProxy section */

/* Begin PBXFileReference section */
		270D5AA3196EEDF3007EA975 /* testing-ring02@2x.png */ = {isa = PBXFileReference; lastKnownFileType = image.png; path = "testing-ring02@2x.png"; sourceTree = "<group>"; };
		270F180E1966CCF300F6D354 /* AFHTTPRequestOperation.h */ = {isa = PBXFileReference; fileEncoding = 4; lastKnownFileType = sourcecode.c.h; path = AFHTTPRequestOperation.h; sourceTree = "<group>"; };
		270F180F1966CCF300F6D354 /* AFHTTPRequestOperation.m */ = {isa = PBXFileReference; fileEncoding = 4; lastKnownFileType = sourcecode.c.objc; path = AFHTTPRequestOperation.m; sourceTree = "<group>"; };
		270F18101966CCF300F6D354 /* AFHTTPRequestOperationManager.h */ = {isa = PBXFileReference; fileEncoding = 4; lastKnownFileType = sourcecode.c.h; path = AFHTTPRequestOperationManager.h; sourceTree = "<group>"; };
		270F18111966CCF300F6D354 /* AFHTTPRequestOperationManager.m */ = {isa = PBXFileReference; fileEncoding = 4; lastKnownFileType = sourcecode.c.objc; path = AFHTTPRequestOperationManager.m; sourceTree = "<group>"; };
		270F18121966CCF300F6D354 /* AFHTTPSessionManager.h */ = {isa = PBXFileReference; fileEncoding = 4; lastKnownFileType = sourcecode.c.h; path = AFHTTPSessionManager.h; sourceTree = "<group>"; };
		270F18131966CCF300F6D354 /* AFHTTPSessionManager.m */ = {isa = PBXFileReference; fileEncoding = 4; lastKnownFileType = sourcecode.c.objc; path = AFHTTPSessionManager.m; sourceTree = "<group>"; };
		270F18141966CCF300F6D354 /* AFNetworking.h */ = {isa = PBXFileReference; fileEncoding = 4; lastKnownFileType = sourcecode.c.h; path = AFNetworking.h; sourceTree = "<group>"; };
		270F18151966CCF300F6D354 /* AFNetworkReachabilityManager.h */ = {isa = PBXFileReference; fileEncoding = 4; lastKnownFileType = sourcecode.c.h; path = AFNetworkReachabilityManager.h; sourceTree = "<group>"; };
		270F18161966CCF300F6D354 /* AFNetworkReachabilityManager.m */ = {isa = PBXFileReference; fileEncoding = 4; lastKnownFileType = sourcecode.c.objc; path = AFNetworkReachabilityManager.m; sourceTree = "<group>"; };
		270F18171966CCF300F6D354 /* AFSecurityPolicy.h */ = {isa = PBXFileReference; fileEncoding = 4; lastKnownFileType = sourcecode.c.h; path = AFSecurityPolicy.h; sourceTree = "<group>"; };
		270F18181966CCF300F6D354 /* AFSecurityPolicy.m */ = {isa = PBXFileReference; fileEncoding = 4; lastKnownFileType = sourcecode.c.objc; path = AFSecurityPolicy.m; sourceTree = "<group>"; };
		270F18191966CCF300F6D354 /* AFURLConnectionOperation.h */ = {isa = PBXFileReference; fileEncoding = 4; lastKnownFileType = sourcecode.c.h; path = AFURLConnectionOperation.h; sourceTree = "<group>"; };
		270F181A1966CCF300F6D354 /* AFURLConnectionOperation.m */ = {isa = PBXFileReference; fileEncoding = 4; lastKnownFileType = sourcecode.c.objc; path = AFURLConnectionOperation.m; sourceTree = "<group>"; };
		270F181B1966CCF300F6D354 /* AFURLRequestSerialization.h */ = {isa = PBXFileReference; fileEncoding = 4; lastKnownFileType = sourcecode.c.h; path = AFURLRequestSerialization.h; sourceTree = "<group>"; };
		270F181C1966CCF300F6D354 /* AFURLRequestSerialization.m */ = {isa = PBXFileReference; fileEncoding = 4; lastKnownFileType = sourcecode.c.objc; path = AFURLRequestSerialization.m; sourceTree = "<group>"; };
		270F181D1966CCF300F6D354 /* AFURLResponseSerialization.h */ = {isa = PBXFileReference; fileEncoding = 4; lastKnownFileType = sourcecode.c.h; path = AFURLResponseSerialization.h; sourceTree = "<group>"; };
		270F181E1966CCF300F6D354 /* AFURLResponseSerialization.m */ = {isa = PBXFileReference; fileEncoding = 4; lastKnownFileType = sourcecode.c.objc; path = AFURLResponseSerialization.m; sourceTree = "<group>"; };
		270F181F1966CCF300F6D354 /* AFURLSessionManager.h */ = {isa = PBXFileReference; fileEncoding = 4; lastKnownFileType = sourcecode.c.h; path = AFURLSessionManager.h; sourceTree = "<group>"; };
		270F18201966CCF300F6D354 /* AFURLSessionManager.m */ = {isa = PBXFileReference; fileEncoding = 4; lastKnownFileType = sourcecode.c.objc; path = AFURLSessionManager.m; sourceTree = "<group>"; };
		270F18221966CCF300F6D354 /* AFNetworkActivityIndicatorManager.h */ = {isa = PBXFileReference; fileEncoding = 4; lastKnownFileType = sourcecode.c.h; path = AFNetworkActivityIndicatorManager.h; sourceTree = "<group>"; };
		270F18231966CCF300F6D354 /* AFNetworkActivityIndicatorManager.m */ = {isa = PBXFileReference; fileEncoding = 4; lastKnownFileType = sourcecode.c.objc; path = AFNetworkActivityIndicatorManager.m; sourceTree = "<group>"; };
		270F18241966CCF300F6D354 /* UIActivityIndicatorView+AFNetworking.h */ = {isa = PBXFileReference; fileEncoding = 4; lastKnownFileType = sourcecode.c.h; path = "UIActivityIndicatorView+AFNetworking.h"; sourceTree = "<group>"; };
		270F18251966CCF300F6D354 /* UIActivityIndicatorView+AFNetworking.m */ = {isa = PBXFileReference; fileEncoding = 4; lastKnownFileType = sourcecode.c.objc; path = "UIActivityIndicatorView+AFNetworking.m"; sourceTree = "<group>"; };
		270F18261966CCF300F6D354 /* UIAlertView+AFNetworking.h */ = {isa = PBXFileReference; fileEncoding = 4; lastKnownFileType = sourcecode.c.h; path = "UIAlertView+AFNetworking.h"; sourceTree = "<group>"; };
		270F18271966CCF300F6D354 /* UIAlertView+AFNetworking.m */ = {isa = PBXFileReference; fileEncoding = 4; lastKnownFileType = sourcecode.c.objc; path = "UIAlertView+AFNetworking.m"; sourceTree = "<group>"; };
		270F18281966CCF300F6D354 /* UIButton+AFNetworking.h */ = {isa = PBXFileReference; fileEncoding = 4; lastKnownFileType = sourcecode.c.h; path = "UIButton+AFNetworking.h"; sourceTree = "<group>"; };
		270F18291966CCF300F6D354 /* UIButton+AFNetworking.m */ = {isa = PBXFileReference; fileEncoding = 4; lastKnownFileType = sourcecode.c.objc; path = "UIButton+AFNetworking.m"; sourceTree = "<group>"; };
		270F182A1966CCF300F6D354 /* UIImageView+AFNetworking.h */ = {isa = PBXFileReference; fileEncoding = 4; lastKnownFileType = sourcecode.c.h; path = "UIImageView+AFNetworking.h"; sourceTree = "<group>"; };
		270F182B1966CCF300F6D354 /* UIImageView+AFNetworking.m */ = {isa = PBXFileReference; fileEncoding = 4; lastKnownFileType = sourcecode.c.objc; path = "UIImageView+AFNetworking.m"; sourceTree = "<group>"; };
		270F182C1966CCF300F6D354 /* UIKit+AFNetworking.h */ = {isa = PBXFileReference; fileEncoding = 4; lastKnownFileType = sourcecode.c.h; path = "UIKit+AFNetworking.h"; sourceTree = "<group>"; };
		270F182D1966CCF300F6D354 /* UIProgressView+AFNetworking.h */ = {isa = PBXFileReference; fileEncoding = 4; lastKnownFileType = sourcecode.c.h; path = "UIProgressView+AFNetworking.h"; sourceTree = "<group>"; };
		270F182E1966CCF300F6D354 /* UIProgressView+AFNetworking.m */ = {isa = PBXFileReference; fileEncoding = 4; lastKnownFileType = sourcecode.c.objc; path = "UIProgressView+AFNetworking.m"; sourceTree = "<group>"; };
		270F182F1966CCF300F6D354 /* UIRefreshControl+AFNetworking.h */ = {isa = PBXFileReference; fileEncoding = 4; lastKnownFileType = sourcecode.c.h; path = "UIRefreshControl+AFNetworking.h"; sourceTree = "<group>"; };
		270F18301966CCF300F6D354 /* UIRefreshControl+AFNetworking.m */ = {isa = PBXFileReference; fileEncoding = 4; lastKnownFileType = sourcecode.c.objc; path = "UIRefreshControl+AFNetworking.m"; sourceTree = "<group>"; };
		270F18311966CCF300F6D354 /* UIWebView+AFNetworking.h */ = {isa = PBXFileReference; fileEncoding = 4; lastKnownFileType = sourcecode.c.h; path = "UIWebView+AFNetworking.h"; sourceTree = "<group>"; };
		270F18321966CCF300F6D354 /* UIWebView+AFNetworking.m */ = {isa = PBXFileReference; fileEncoding = 4; lastKnownFileType = sourcecode.c.objc; path = "UIWebView+AFNetworking.m"; sourceTree = "<group>"; };
		2718144819694141007C42A0 /* carModel@2x.png */ = {isa = PBXFileReference; lastKnownFileType = image.png; path = "carModel@2x.png"; sourceTree = "<group>"; };
		2718144A19694885007C42A0 /* home-ranking-1@2x.png */ = {isa = PBXFileReference; lastKnownFileType = image.png; path = "home-ranking-1@2x.png"; sourceTree = "<group>"; };
		2718144B19694885007C42A0 /* home-ranking-2@2x.png */ = {isa = PBXFileReference; lastKnownFileType = image.png; path = "home-ranking-2@2x.png"; sourceTree = "<group>"; };
		2718144C19694885007C42A0 /* home-ranking-3@2x.png */ = {isa = PBXFileReference; lastKnownFileType = image.png; path = "home-ranking-3@2x.png"; sourceTree = "<group>"; };
		2718144D19694885007C42A0 /* home-ranking-4@2x.png */ = {isa = PBXFileReference; lastKnownFileType = image.png; path = "home-ranking-4@2x.png"; sourceTree = "<group>"; };
		2718144E19694885007C42A0 /* home-ranking-5@2x.png */ = {isa = PBXFileReference; lastKnownFileType = image.png; path = "home-ranking-5@2x.png"; sourceTree = "<group>"; };
		2718144F19694885007C42A0 /* home-ranking-6@2x.png */ = {isa = PBXFileReference; lastKnownFileType = image.png; path = "home-ranking-6@2x.png"; sourceTree = "<group>"; };
		2718145019694885007C42A0 /* home-ranking-7@2x.png */ = {isa = PBXFileReference; lastKnownFileType = image.png; path = "home-ranking-7@2x.png"; sourceTree = "<group>"; };
		2718145119694885007C42A0 /* home-ranking-8@2x.png */ = {isa = PBXFileReference; lastKnownFileType = image.png; path = "home-ranking-8@2x.png"; sourceTree = "<group>"; };
		2718145219694885007C42A0 /* home-ranking-9@2x.png */ = {isa = PBXFileReference; lastKnownFileType = image.png; path = "home-ranking-9@2x.png"; sourceTree = "<group>"; };
		2718145319694885007C42A0 /* home-ranking-10@2x.png */ = {isa = PBXFileReference; lastKnownFileType = image.png; path = "home-ranking-10@2x.png"; sourceTree = "<group>"; };
		2718145E1969561C007C42A0 /* myResult-1-input@2x.png */ = {isa = PBXFileReference; lastKnownFileType = image.png; path = "myResult-1-input@2x.png"; sourceTree = "<group>"; };
		2718145F1969561C007C42A0 /* myResult-2-input@2x.png */ = {isa = PBXFileReference; lastKnownFileType = image.png; path = "myResult-2-input@2x.png"; sourceTree = "<group>"; };
		271814601969561C007C42A0 /* myResult-3-input@2x.png */ = {isa = PBXFileReference; lastKnownFileType = image.png; path = "myResult-3-input@2x.png"; sourceTree = "<group>"; };
		271814611969561C007C42A0 /* myResult-4-input@2x.png */ = {isa = PBXFileReference; lastKnownFileType = image.png; path = "myResult-4-input@2x.png"; sourceTree = "<group>"; };
		271814621969561C007C42A0 /* myResult-5-input@2x.png */ = {isa = PBXFileReference; lastKnownFileType = image.png; path = "myResult-5-input@2x.png"; sourceTree = "<group>"; };
		27181468196986DC007C42A0 /* race.wav */ = {isa = PBXFileReference; lastKnownFileType = audio.wav; path = race.wav; sourceTree = "<group>"; };
		2718146D196B0295007C42A0 /* testing-guide01@2x.jpg */ = {isa = PBXFileReference; lastKnownFileType = image.jpeg; path = "testing-guide01@2x.jpg"; sourceTree = "<group>"; };
		2718146F196B0405007C42A0 /* testing-ring01@2x.png */ = {isa = PBXFileReference; lastKnownFileType = image.png; path = "testing-ring01@2x.png"; sourceTree = "<group>"; };
		27181476196C498A007C42A0 /* testing-step3-01@2x.png */ = {isa = PBXFileReference; lastKnownFileType = image.png; path = "testing-step3-01@2x.png"; sourceTree = "<group>"; };
		27181477196C498A007C42A0 /* testing-step3-02@2x.png */ = {isa = PBXFileReference; lastKnownFileType = image.png; path = "testing-step3-02@2x.png"; sourceTree = "<group>"; };
		27181478196C498A007C42A0 /* testing-step3-03@2x.png */ = {isa = PBXFileReference; lastKnownFileType = image.png; path = "testing-step3-03@2x.png"; sourceTree = "<group>"; };
		2722FC92195ED223004C1191 /* 启动画面01@2x.jpg */ = {isa = PBXFileReference; lastKnownFileType = image.jpeg; path = "启动画面01@2x.jpg"; sourceTree = "<group>"; };
		2722FC93195ED223004C1191 /* 启动画面02@2x.jpg */ = {isa = PBXFileReference; lastKnownFileType = image.jpeg; path = "启动画面02@2x.jpg"; sourceTree = "<group>"; };
		2722FC94195ED223004C1191 /* 启动画面03@2x.jpg */ = {isa = PBXFileReference; lastKnownFileType = image.jpeg; path = "启动画面03@2x.jpg"; sourceTree = "<group>"; };
		2722FCA5195EE8C7004C1191 /* MYIntroductionView.h */ = {isa = PBXFileReference; fileEncoding = 4; lastKnownFileType = sourcecode.c.h; path = MYIntroductionView.h; sourceTree = "<group>"; };
		2722FCA6195EE8C7004C1191 /* MYIntroductionView.m */ = {isa = PBXFileReference; fileEncoding = 4; lastKnownFileType = sourcecode.c.objc; path = MYIntroductionView.m; sourceTree = "<group>"; };
		2722FCA7195EE8C7004C1191 /* MYIntroductionPanel.h */ = {isa = PBXFileReference; fileEncoding = 4; lastKnownFileType = sourcecode.c.h; path = MYIntroductionPanel.h; sourceTree = "<group>"; };
		2722FCA8195EE8C7004C1191 /* MYIntroductionPanel.m */ = {isa = PBXFileReference; fileEncoding = 4; lastKnownFileType = sourcecode.c.objc; path = MYIntroductionPanel.m; sourceTree = "<group>"; };
		2722FCAB195FBF58004C1191 /* dabiaocheGuidePageViewController.h */ = {isa = PBXFileReference; fileEncoding = 4; lastKnownFileType = sourcecode.c.h; path = dabiaocheGuidePageViewController.h; sourceTree = "<group>"; };
		2722FCAC195FBF58004C1191 /* dabiaocheGuidePageViewController.m */ = {isa = PBXFileReference; fileEncoding = 4; lastKnownFileType = sourcecode.c.objc; path = dabiaocheGuidePageViewController.m; sourceTree = "<group>"; };
		2722FCAE1960586E004C1191 /* RequestPostUploadHelper.h */ = {isa = PBXFileReference; fileEncoding = 4; lastKnownFileType = sourcecode.c.h; path = RequestPostUploadHelper.h; sourceTree = "<group>"; };
		2722FCAF196058B1004C1191 /* RequestPostUploadHelper.m */ = {isa = PBXFileReference; fileEncoding = 4; lastKnownFileType = sourcecode.c.objc; path = RequestPostUploadHelper.m; sourceTree = "<group>"; };
		2723F5EE19437023000B59F7 /* AVFoundation.framework */ = {isa = PBXFileReference; lastKnownFileType = wrapper.framework; name = AVFoundation.framework; path = System/Library/Frameworks/AVFoundation.framework; sourceTree = SDKROOT; };
		2723F5F21944716B000B59F7 /* dabiaocheHomeRankingCell.h */ = {isa = PBXFileReference; fileEncoding = 4; lastKnownFileType = sourcecode.c.h; path = dabiaocheHomeRankingCell.h; sourceTree = "<group>"; };
		2723F5F31944716B000B59F7 /* dabiaocheHomeRankingCell.m */ = {isa = PBXFileReference; fileEncoding = 4; lastKnownFileType = sourcecode.c.objc; path = dabiaocheHomeRankingCell.m; sourceTree = "<group>"; };
		275DFE82193C3D5400101F59 /* dabiaocheMyRecordViewController.h */ = {isa = PBXFileReference; fileEncoding = 4; lastKnownFileType = sourcecode.c.h; path = dabiaocheMyRecordViewController.h; sourceTree = "<group>"; };
		275DFE83193C3D5400101F59 /* dabiaocheMyRecordViewController.m */ = {isa = PBXFileReference; fileEncoding = 4; lastKnownFileType = sourcecode.c.objc; path = dabiaocheMyRecordViewController.m; sourceTree = "<group>"; };
		275DFE85193C41E300101F59 /* dabiaocheCarModelRecordTableViewCell.h */ = {isa = PBXFileReference; fileEncoding = 4; lastKnownFileType = sourcecode.c.h; path = dabiaocheCarModelRecordTableViewCell.h; sourceTree = "<group>"; };
		275DFE86193C41E300101F59 /* dabiaocheCarModelRecordTableViewCell.m */ = {isa = PBXFileReference; fileEncoding = 4; lastKnownFileType = sourcecode.c.objc; path = dabiaocheCarModelRecordTableViewCell.m; sourceTree = "<group>"; };
		275DFE88193C464100101F59 /* dabiaocheCarModelSingleRecordTableViewCell.h */ = {isa = PBXFileReference; fileEncoding = 4; lastKnownFileType = sourcecode.c.h; path = dabiaocheCarModelSingleRecordTableViewCell.h; sourceTree = "<group>"; };
		275DFE89193C464100101F59 /* dabiaocheCarModelSingleRecordTableViewCell.m */ = {isa = PBXFileReference; fileEncoding = 4; lastKnownFileType = sourcecode.c.objc; path = dabiaocheCarModelSingleRecordTableViewCell.m; sourceTree = "<group>"; };
		275DFE8B193C499A00101F59 /* Const.h */ = {isa = PBXFileReference; lastKnownFileType = sourcecode.c.h; path = Const.h; sourceTree = "<group>"; };
		275DFE8C193CB94A00101F59 /* NSObject+JSONCategories.h */ = {isa = PBXFileReference; fileEncoding = 4; lastKnownFileType = sourcecode.c.h; path = "NSObject+JSONCategories.h"; sourceTree = "<group>"; };
		275DFE8D193CB94A00101F59 /* NSObject+JSONCategories.m */ = {isa = PBXFileReference; fileEncoding = 4; lastKnownFileType = sourcecode.c.objc; path = "NSObject+JSONCategories.m"; sourceTree = "<group>"; };
		27A9ADD41971934300D73C29 /* UIDevice+Resolutions.h */ = {isa = PBXFileReference; fileEncoding = 4; lastKnownFileType = sourcecode.c.h; path = "UIDevice+Resolutions.h"; sourceTree = "<group>"; };
		27A9ADD51971934300D73C29 /* UIDevice+Resolutions.m */ = {isa = PBXFileReference; fileEncoding = 4; lastKnownFileType = sourcecode.c.objc; path = "UIDevice+Resolutions.m"; sourceTree = "<group>"; };
		27A9ADD719719CA500D73C29 /* 启动画面01_640@2x.jpg */ = {isa = PBXFileReference; lastKnownFileType = image.jpeg; path = "启动画面01_640@2x.jpg"; sourceTree = "<group>"; };
		27A9ADD819719CA500D73C29 /* 启动画面02_640@2x.jpg */ = {isa = PBXFileReference; lastKnownFileType = image.jpeg; path = "启动画面02_640@2x.jpg"; sourceTree = "<group>"; };
		27A9ADD919719CA500D73C29 /* 启动画面03_640@2x.jpg */ = {isa = PBXFileReference; lastKnownFileType = image.jpeg; path = "启动画面03_640@2x.jpg"; sourceTree = "<group>"; };
		27A9ADDD197241FC00D73C29 /* aboutUs-logo@2x.png */ = {isa = PBXFileReference; lastKnownFileType = image.png; path = "aboutUs-logo@2x.png"; sourceTree = "<group>"; };
		27A9ADE11972E73300D73C29 /* help-title@2x.png */ = {isa = PBXFileReference; lastKnownFileType = image.png; path = "help-title@2x.png"; sourceTree = "<group>"; };
		27A9ADE31976BFBC00D73C29 /* zh-Hans */ = {isa = PBXFileReference; lastKnownFileType = text.plist.strings; name = "zh-Hans"; path = "zh-Hans.lproj/InfoPlist.strings"; sourceTree = "<group>"; };
		27A9ADE41976BFBC00D73C29 /* zh-Hans */ = {isa = PBXFileReference; lastKnownFileType = text.plist.strings; name = "zh-Hans"; path = "zh-Hans.lproj/InfoPlist.strings"; sourceTree = "<group>"; };
		27BCF15C19557EB8003B34CB /* dabiaocheSettingViewController.h */ = {isa = PBXFileReference; fileEncoding = 4; lastKnownFileType = sourcecode.c.h; path = dabiaocheSettingViewController.h; sourceTree = "<group>"; };
		27BCF15D19557EB8003B34CB /* dabiaocheSettingViewController.m */ = {isa = PBXFileReference; fileEncoding = 4; lastKnownFileType = sourcecode.c.objc; path = dabiaocheSettingViewController.m; sourceTree = "<group>"; };
		27BCF162195871E9003B34CB /* common-guanbi@2x.png */ = {isa = PBXFileReference; lastKnownFileType = image.png; path = "common-guanbi@2x.png"; sourceTree = "<group>"; };
		27C48AA8196D8F95002FE623 /* dabiaochetestViewController.h */ = {isa = PBXFileReference; fileEncoding = 4; lastKnownFileType = sourcecode.c.h; path = dabiaochetestViewController.h; sourceTree = "<group>"; };
		27C48AA9196D8F95002FE623 /* dabiaochetestViewController.m */ = {isa = PBXFileReference; fileEncoding = 4; lastKnownFileType = sourcecode.c.objc; path = dabiaochetestViewController.m; sourceTree = "<group>"; };
		E5006E7818F92D120059B3FD /* testing-yuandian-input@2x.png */ = {isa = PBXFileReference; lastKnownFileType = image.png; path = "testing-yuandian-input@2x.png"; sourceTree = "<group>"; };
		E5006E7918F92D120059B3FD /* testing-duanfenge-input@2x.png */ = {isa = PBXFileReference; lastKnownFileType = image.png; path = "testing-duanfenge-input@2x.png"; sourceTree = "<group>"; };
		E5006E7A18F92D120059B3FD /* testing-shuxian-input@2x.png */ = {isa = PBXFileReference; lastKnownFileType = image.png; path = "testing-shuxian-input@2x.png"; sourceTree = "<group>"; };
		E52C6EFE19323A7200780E53 /* dabiaocheSaveRecordChooseCarmodelViewController.h */ = {isa = PBXFileReference; fileEncoding = 4; lastKnownFileType = sourcecode.c.h; path = dabiaocheSaveRecordChooseCarmodelViewController.h; sourceTree = "<group>"; };
		E52C6EFF19323A7200780E53 /* dabiaocheSaveRecordChooseCarmodelViewController.m */ = {isa = PBXFileReference; fileEncoding = 4; lastKnownFileType = sourcecode.c.objc; path = dabiaocheSaveRecordChooseCarmodelViewController.m; sourceTree = "<group>"; };
		E5311FF1192759EB004A8ABA /* testResult-yuanquan-input@2x.png */ = {isa = PBXFileReference; lastKnownFileType = image.png; path = "testResult-yuanquan-input@2x.png"; sourceTree = "<group>"; };
		E5311FF31927A3F9004A8ABA /* dabiaocheRaceResultViewController.h */ = {isa = PBXFileReference; fileEncoding = 4; lastKnownFileType = sourcecode.c.h; path = dabiaocheRaceResultViewController.h; sourceTree = "<group>"; };
		E5311FF41927A3F9004A8ABA /* dabiaocheRaceResultViewController.m */ = {isa = PBXFileReference; fileEncoding = 4; lastKnownFileType = sourcecode.c.objc; path = dabiaocheRaceResultViewController.m; sourceTree = "<group>"; };
		E5311FF61927B240004A8ABA /* dabiaocheRaceRecordCell.h */ = {isa = PBXFileReference; fileEncoding = 4; lastKnownFileType = sourcecode.c.h; path = dabiaocheRaceRecordCell.h; sourceTree = "<group>"; };
		E5311FF71927B240004A8ABA /* dabiaocheRaceRecordCell.m */ = {isa = PBXFileReference; fileEncoding = 4; lastKnownFileType = sourcecode.c.objc; path = dabiaocheRaceRecordCell.m; sourceTree = "<group>"; };
		E5311FF9192A50BE004A8ABA /* iPhoneGraphViewController.m */ = {isa = PBXFileReference; fileEncoding = 4; lastKnownFileType = sourcecode.c.objc; path = iPhoneGraphViewController.m; sourceTree = "<group>"; };
		E5311FFA192A50BE004A8ABA /* iPhoneGraphViewController.h */ = {isa = PBXFileReference; fileEncoding = 4; lastKnownFileType = sourcecode.c.h; path = iPhoneGraphViewController.h; sourceTree = "<group>"; };
		E5311FFC1930AE83004A8ABA /* dabiaocheImageLableCell.h */ = {isa = PBXFileReference; fileEncoding = 4; lastKnownFileType = sourcecode.c.h; path = dabiaocheImageLableCell.h; sourceTree = "<group>"; };
		E5311FFD1930AE83004A8ABA /* dabiaocheImageLableCell.m */ = {isa = PBXFileReference; fileEncoding = 4; lastKnownFileType = sourcecode.c.objc; path = dabiaocheImageLableCell.m; sourceTree = "<group>"; };
		E5312005193114AD004A8ABA /* common-gou-input@2x.png */ = {isa = PBXFileReference; lastKnownFileType = image.png; path = "common-gou-input@2x.png"; sourceTree = "<group>"; };
		E53F209119055D800029DF53 /* dabiaocheBrandViewController.h */ = {isa = PBXFileReference; fileEncoding = 4; lastKnownFileType = sourcecode.c.h; path = dabiaocheBrandViewController.h; sourceTree = "<group>"; };
		E53F209219055D800029DF53 /* dabiaocheBrandViewController.m */ = {isa = PBXFileReference; fileEncoding = 4; lastKnownFileType = sourcecode.c.objc; path = dabiaocheBrandViewController.m; sourceTree = "<group>"; };
		E53F2096190BE3F40029DF53 /* dabiaocheCarModelViewController.h */ = {isa = PBXFileReference; fileEncoding = 4; lastKnownFileType = sourcecode.c.h; path = dabiaocheCarModelViewController.h; sourceTree = "<group>"; };
		E53F2097190BE3F40029DF53 /* dabiaocheCarModelViewController.m */ = {isa = PBXFileReference; fileEncoding = 4; lastKnownFileType = sourcecode.c.objc; path = dabiaocheCarModelViewController.m; sourceTree = "<group>"; };
		E53F2099190D640E0029DF53 /* dabiaocheEditBoxViewController.h */ = {isa = PBXFileReference; fileEncoding = 4; lastKnownFileType = sourcecode.c.h; path = dabiaocheEditBoxViewController.h; sourceTree = "<group>"; };
		E53F209A190D640E0029DF53 /* dabiaocheEditBoxViewController.m */ = {isa = PBXFileReference; fileEncoding = 4; lastKnownFileType = sourcecode.c.objc; path = dabiaocheEditBoxViewController.m; sourceTree = "<group>"; };
		E53F209C190FF2AD0029DF53 /* CoreLocation.framework */ = {isa = PBXFileReference; lastKnownFileType = wrapper.framework; name = CoreLocation.framework; path = System/Library/Frameworks/CoreLocation.framework; sourceTree = SDKROOT; };
		E53F209E19128A3E0029DF53 /* dabiaocheCityViewController.h */ = {isa = PBXFileReference; fileEncoding = 4; lastKnownFileType = sourcecode.c.h; path = dabiaocheCityViewController.h; sourceTree = "<group>"; };
		E53F209F19128A3E0029DF53 /* dabiaocheCityViewController.m */ = {isa = PBXFileReference; fileEncoding = 4; lastKnownFileType = sourcecode.c.objc; path = dabiaocheCityViewController.m; sourceTree = "<group>"; };
		E59C20B9194F4A9200B1EF79 /* home-shezhi-input@2x.png */ = {isa = PBXFileReference; lastKnownFileType = image.png; path = "home-shezhi-input@2x.png"; sourceTree = "<group>"; };
		E5A61B6918EFEA5800ED74A8 /* dabiaoche.app */ = {isa = PBXFileReference; explicitFileType = wrapper.application; includeInIndex = 0; path = dabiaoche.app; sourceTree = BUILT_PRODUCTS_DIR; };
		E5A61B6C18EFEA5800ED74A8 /* Foundation.framework */ = {isa = PBXFileReference; lastKnownFileType = wrapper.framework; name = Foundation.framework; path = System/Library/Frameworks/Foundation.framework; sourceTree = SDKROOT; };
		E5A61B6E18EFEA5800ED74A8 /* CoreGraphics.framework */ = {isa = PBXFileReference; lastKnownFileType = wrapper.framework; name = CoreGraphics.framework; path = System/Library/Frameworks/CoreGraphics.framework; sourceTree = SDKROOT; };
		E5A61B7018EFEA5800ED74A8 /* UIKit.framework */ = {isa = PBXFileReference; lastKnownFileType = wrapper.framework; name = UIKit.framework; path = System/Library/Frameworks/UIKit.framework; sourceTree = SDKROOT; };
		E5A61B7218EFEA5800ED74A8 /* CoreData.framework */ = {isa = PBXFileReference; lastKnownFileType = wrapper.framework; name = CoreData.framework; path = System/Library/Frameworks/CoreData.framework; sourceTree = SDKROOT; };
		E5A61B7618EFEA5800ED74A8 /* dabiaoche-Info.plist */ = {isa = PBXFileReference; lastKnownFileType = text.plist.xml; path = "dabiaoche-Info.plist"; sourceTree = "<group>"; };
		E5A61B7A18EFEA5800ED74A8 /* main.m */ = {isa = PBXFileReference; lastKnownFileType = sourcecode.c.objc; path = main.m; sourceTree = "<group>"; };
		E5A61B7C18EFEA5800ED74A8 /* dabiaoche-Prefix.pch */ = {isa = PBXFileReference; lastKnownFileType = sourcecode.c.h; path = "dabiaoche-Prefix.pch"; sourceTree = "<group>"; };
		E5A61B7D18EFEA5800ED74A8 /* dabiaocheAppDelegate.h */ = {isa = PBXFileReference; lastKnownFileType = sourcecode.c.h; path = dabiaocheAppDelegate.h; sourceTree = "<group>"; };
		E5A61B7E18EFEA5800ED74A8 /* dabiaocheAppDelegate.m */ = {isa = PBXFileReference; lastKnownFileType = sourcecode.c.objc; path = dabiaocheAppDelegate.m; sourceTree = "<group>"; };
		E5A61B8118EFEA5800ED74A8 /* dabiaoche.xcdatamodel */ = {isa = PBXFileReference; lastKnownFileType = wrapper.xcdatamodel; path = dabiaoche.xcdatamodel; sourceTree = "<group>"; };
		E5A61B8318EFEA5900ED74A8 /* Images.xcassets */ = {isa = PBXFileReference; lastKnownFileType = folder.assetcatalog; path = Images.xcassets; sourceTree = "<group>"; };
		E5A61B8918EFEA5900ED74A8 /* dabiaocheTests.xctest */ = {isa = PBXFileReference; explicitFileType = wrapper.cfbundle; includeInIndex = 0; path = dabiaocheTests.xctest; sourceTree = BUILT_PRODUCTS_DIR; };
		E5A61B8A18EFEA5900ED74A8 /* XCTest.framework */ = {isa = PBXFileReference; lastKnownFileType = wrapper.framework; name = XCTest.framework; path = Library/Frameworks/XCTest.framework; sourceTree = DEVELOPER_DIR; };
		E5A61B9318EFEA5900ED74A8 /* dabiaocheTests-Info.plist */ = {isa = PBXFileReference; lastKnownFileType = text.plist.xml; path = "dabiaocheTests-Info.plist"; sourceTree = "<group>"; };
		E5A61B9718EFEA5900ED74A8 /* dabiaocheTests.m */ = {isa = PBXFileReference; lastKnownFileType = sourcecode.c.objc; path = dabiaocheTests.m; sourceTree = "<group>"; };
		E5A61BA118EFEBDB00ED74A8 /* Storyboard.storyboard */ = {isa = PBXFileReference; fileEncoding = 4; lastKnownFileType = file.storyboard; name = Storyboard.storyboard; path = ../Storyboard.storyboard; sourceTree = "<group>"; };
		E5A61BA418EFF2FE00ED74A8 /* common-qita-input@2x.png */ = {isa = PBXFileReference; lastKnownFileType = image.png; path = "common-qita-input@2x.png"; sourceTree = "<group>"; };
		E5A61BA518EFF2FE00ED74A8 /* common-changanniu-input@2x.png */ = {isa = PBXFileReference; lastKnownFileType = image.png; path = "common-changanniu-input@2x.png"; sourceTree = "<group>"; };
		E5A61BA618EFF2FE00ED74A8 /* common-fenge-input@2x.png */ = {isa = PBXFileReference; lastKnownFileType = image.png; path = "common-fenge-input@2x.png"; sourceTree = "<group>"; };
		E5A61BA718EFF2FE00ED74A8 /* common-genghuan-input@2x.png */ = {isa = PBXFileReference; lastKnownFileType = image.png; path = "common-genghuan-input@2x.png"; sourceTree = "<group>"; };
		E5A61BA818EFF2FE00ED74A8 /* common-houtui-input@2x.png */ = {isa = PBXFileReference; lastKnownFileType = image.png; path = "common-houtui-input@2x.png"; sourceTree = "<group>"; };
		E5A61BA918EFF2FE00ED74A8 /* common-jiantou-input@2x.png */ = {isa = PBXFileReference; lastKnownFileType = image.png; path = "common-jiantou-input@2x.png"; sourceTree = "<group>"; };
		E5A61BAA18EFF2FE00ED74A8 /* common-mima-input@2x.png */ = {isa = PBXFileReference; lastKnownFileType = image.png; path = "common-mima-input@2x.png"; sourceTree = "<group>"; };
		E5A61BAB18EFF2FE00ED74A8 /* common-shanchu-input@2x.png */ = {isa = PBXFileReference; lastKnownFileType = image.png; path = "common-shanchu-input@2x.png"; sourceTree = "<group>"; };
		E5A61BAC18EFF2FE00ED74A8 /* common-shurukuang-input@2x.png */ = {isa = PBXFileReference; lastKnownFileType = image.png; path = "common-shurukuang-input@2x.png"; sourceTree = "<group>"; };
		E5A61BAD18EFF2FE00ED74A8 /* common-yonghuming-input@2x.png */ = {isa = PBXFileReference; lastKnownFileType = image.png; path = "common-yonghuming-input@2x.png"; sourceTree = "<group>"; };
		E5A61BAE18EFF2FE00ED74A8 /* common-youjian-input@2x.png */ = {isa = PBXFileReference; lastKnownFileType = image.png; path = "common-youjian-input@2x.png"; sourceTree = "<group>"; };
		E5A61BAF18EFF2FE00ED74A8 /* common-zhonganniu-input@2x.png */ = {isa = PBXFileReference; lastKnownFileType = image.png; path = "common-zhonganniu-input@2x.png"; sourceTree = "<group>"; };
		E5A61BBC18EFF33D00ED74A8 /* home-pai2-input@2x.png */ = {isa = PBXFileReference; lastKnownFileType = image.png; path = "home-pai2-input@2x.png"; sourceTree = "<group>"; };
		E5A61BBD18EFF33D00ED74A8 /* home-daanniu-input@2x.png */ = {isa = PBXFileReference; lastKnownFileType = image.png; path = "home-daanniu-input@2x.png"; sourceTree = "<group>"; };
		E5A61BBE18EFF33D00ED74A8 /* home-jin-input@2x.png */ = {isa = PBXFileReference; lastKnownFileType = image.png; path = "home-jin-input@2x.png"; sourceTree = "<group>"; };
		E5A61BBF18EFF33D00ED74A8 /* home-pai1-input@2x.png */ = {isa = PBXFileReference; lastKnownFileType = image.png; path = "home-pai1-input@2x.png"; sourceTree = "<group>"; };
		E5A61BC018EFF33D00ED74A8 /* home-tong-input@2x.png */ = {isa = PBXFileReference; lastKnownFileType = image.png; path = "home-tong-input@2x.png"; sourceTree = "<group>"; };
		E5A61BC118EFF33D00ED74A8 /* home-yin-input@2x.png */ = {isa = PBXFileReference; lastKnownFileType = image.png; path = "home-yin-input@2x.png"; sourceTree = "<group>"; };
		E5A61BCA18F04BDD00ED74A8 /* dabiaocheHomeViewController.h */ = {isa = PBXFileReference; fileEncoding = 4; lastKnownFileType = sourcecode.c.h; path = dabiaocheHomeViewController.h; sourceTree = "<group>"; };
		E5A61BCB18F04BDD00ED74A8 /* dabiaocheHomeViewController.m */ = {isa = PBXFileReference; fileEncoding = 4; lastKnownFileType = sourcecode.c.objc; path = dabiaocheHomeViewController.m; sourceTree = "<group>"; };
		E5A61BCD18F04D9E00ED74A8 /* dabiaocheRegisterViewController.h */ = {isa = PBXFileReference; fileEncoding = 4; lastKnownFileType = sourcecode.c.h; path = dabiaocheRegisterViewController.h; sourceTree = "<group>"; };
		E5A61BCE18F04D9E00ED74A8 /* dabiaocheRegisterViewController.m */ = {isa = PBXFileReference; fileEncoding = 4; lastKnownFileType = sourcecode.c.objc; path = dabiaocheRegisterViewController.m; sourceTree = "<group>"; };
		E5AEE95719167C000095E10C /* NSString+MD5HexDigest.h */ = {isa = PBXFileReference; fileEncoding = 4; lastKnownFileType = sourcecode.c.h; path = "NSString+MD5HexDigest.h"; sourceTree = "<group>"; };
		E5AEE95819167C000095E10C /* NSString+MD5HexDigest.m */ = {isa = PBXFileReference; fileEncoding = 4; lastKnownFileType = sourcecode.c.objc; path = "NSString+MD5HexDigest.m"; sourceTree = "<group>"; };
		E5AEE95A19168BE00095E10C /* dabiaocheLoginViewController.h */ = {isa = PBXFileReference; fileEncoding = 4; lastKnownFileType = sourcecode.c.h; path = dabiaocheLoginViewController.h; sourceTree = "<group>"; };
		E5AEE95B19168BE00095E10C /* dabiaocheLoginViewController.m */ = {isa = PBXFileReference; fileEncoding = 4; lastKnownFileType = sourcecode.c.objc; path = dabiaocheLoginViewController.m; sourceTree = "<group>"; };
		E5AEE95D191BC8230095E10C /* GraphView.h */ = {isa = PBXFileReference; fileEncoding = 4; lastKnownFileType = sourcecode.c.h; path = GraphView.h; sourceTree = "<group>"; };
		E5AEE95E191BC8230095E10C /* GraphView.m */ = {isa = PBXFileReference; fileEncoding = 4; lastKnownFileType = sourcecode.c.objc; path = GraphView.m; sourceTree = "<group>"; };
		E5AEE960191BCA340095E10C /* AccelerometerFilter.h */ = {isa = PBXFileReference; fileEncoding = 4; lastKnownFileType = sourcecode.c.h; path = AccelerometerFilter.h; sourceTree = "<group>"; };
		E5AEE961191BCA340095E10C /* AccelerometerFilter.m */ = {isa = PBXFileReference; fileEncoding = 4; lastKnownFileType = sourcecode.c.objc; path = AccelerometerFilter.m; sourceTree = "<group>"; };
		E5AEE963191BCBA90095E10C /* dabiaocheDragRaceViewController.h */ = {isa = PBXFileReference; fileEncoding = 4; lastKnownFileType = sourcecode.c.h; path = dabiaocheDragRaceViewController.h; sourceTree = "<group>"; };
		E5AEE964191BCBA90095E10C /* dabiaocheDragRaceViewController.m */ = {isa = PBXFileReference; fileEncoding = 4; lastKnownFileType = sourcecode.c.objc; path = dabiaocheDragRaceViewController.m; sourceTree = "<group>"; };
		E5AEE966191BD8A00095E10C /* CoreMotion.framework */ = {isa = PBXFileReference; lastKnownFileType = wrapper.framework; name = CoreMotion.framework; path = System/Library/Frameworks/CoreMotion.framework; sourceTree = SDKROOT; };
/* End PBXFileReference section */

/* Begin PBXFrameworksBuildPhase section */
		E5A61B6618EFEA5700ED74A8 /* Frameworks */ = {
			isa = PBXFrameworksBuildPhase;
			buildActionMask = 2147483647;
			files = (
				2723F5EF19437023000B59F7 /* AVFoundation.framework in Frameworks */,
				E5AEE967191BD8A00095E10C /* CoreMotion.framework in Frameworks */,
				E53F209D190FF2AD0029DF53 /* CoreLocation.framework in Frameworks */,
				E5A61B6F18EFEA5800ED74A8 /* CoreGraphics.framework in Frameworks */,
				E5A61B7318EFEA5800ED74A8 /* CoreData.framework in Frameworks */,
				E5A61B7118EFEA5800ED74A8 /* UIKit.framework in Frameworks */,
				E5A61B6D18EFEA5800ED74A8 /* Foundation.framework in Frameworks */,
			);
			runOnlyForDeploymentPostprocessing = 0;
		};
		E5A61B8618EFEA5900ED74A8 /* Frameworks */ = {
			isa = PBXFrameworksBuildPhase;
			buildActionMask = 2147483647;
			files = (
				E5A61B8B18EFEA5900ED74A8 /* XCTest.framework in Frameworks */,
				E5A61B8E18EFEA5900ED74A8 /* CoreData.framework in Frameworks */,
				E5A61B8D18EFEA5900ED74A8 /* UIKit.framework in Frameworks */,
				E5A61B8C18EFEA5900ED74A8 /* Foundation.framework in Frameworks */,
			);
			runOnlyForDeploymentPostprocessing = 0;
		};
/* End PBXFrameworksBuildPhase section */

/* Begin PBXGroup section */
		270F180D1966CCF300F6D354 /* AFNetworking */ = {
			isa = PBXGroup;
			children = (
				270F180E1966CCF300F6D354 /* AFHTTPRequestOperation.h */,
				270F180F1966CCF300F6D354 /* AFHTTPRequestOperation.m */,
				270F18101966CCF300F6D354 /* AFHTTPRequestOperationManager.h */,
				270F18111966CCF300F6D354 /* AFHTTPRequestOperationManager.m */,
				270F18121966CCF300F6D354 /* AFHTTPSessionManager.h */,
				270F18131966CCF300F6D354 /* AFHTTPSessionManager.m */,
				270F18141966CCF300F6D354 /* AFNetworking.h */,
				270F18151966CCF300F6D354 /* AFNetworkReachabilityManager.h */,
				270F18161966CCF300F6D354 /* AFNetworkReachabilityManager.m */,
				270F18171966CCF300F6D354 /* AFSecurityPolicy.h */,
				270F18181966CCF300F6D354 /* AFSecurityPolicy.m */,
				270F18191966CCF300F6D354 /* AFURLConnectionOperation.h */,
				270F181A1966CCF300F6D354 /* AFURLConnectionOperation.m */,
				270F181B1966CCF300F6D354 /* AFURLRequestSerialization.h */,
				270F181C1966CCF300F6D354 /* AFURLRequestSerialization.m */,
				270F181D1966CCF300F6D354 /* AFURLResponseSerialization.h */,
				270F181E1966CCF300F6D354 /* AFURLResponseSerialization.m */,
				270F181F1966CCF300F6D354 /* AFURLSessionManager.h */,
				270F18201966CCF300F6D354 /* AFURLSessionManager.m */,
			);
			path = AFNetworking;
			sourceTree = "<group>";
		};
		270F18211966CCF300F6D354 /* UIKit+AFNetworking */ = {
			isa = PBXGroup;
			children = (
				270F18221966CCF300F6D354 /* AFNetworkActivityIndicatorManager.h */,
				270F18231966CCF300F6D354 /* AFNetworkActivityIndicatorManager.m */,
				270F18241966CCF300F6D354 /* UIActivityIndicatorView+AFNetworking.h */,
				270F18251966CCF300F6D354 /* UIActivityIndicatorView+AFNetworking.m */,
				270F18261966CCF300F6D354 /* UIAlertView+AFNetworking.h */,
				270F18271966CCF300F6D354 /* UIAlertView+AFNetworking.m */,
				270F18281966CCF300F6D354 /* UIButton+AFNetworking.h */,
				270F18291966CCF300F6D354 /* UIButton+AFNetworking.m */,
				270F182A1966CCF300F6D354 /* UIImageView+AFNetworking.h */,
				270F182B1966CCF300F6D354 /* UIImageView+AFNetworking.m */,
				270F182C1966CCF300F6D354 /* UIKit+AFNetworking.h */,
				270F182D1966CCF300F6D354 /* UIProgressView+AFNetworking.h */,
				270F182E1966CCF300F6D354 /* UIProgressView+AFNetworking.m */,
				270F182F1966CCF300F6D354 /* UIRefreshControl+AFNetworking.h */,
				270F18301966CCF300F6D354 /* UIRefreshControl+AFNetworking.m */,
				270F18311966CCF300F6D354 /* UIWebView+AFNetworking.h */,
				270F18321966CCF300F6D354 /* UIWebView+AFNetworking.m */,
			);
			path = "UIKit+AFNetworking";
			sourceTree = "<group>";
		};
		2722FCA4195EE8B9004C1191 /* MYIntroductionView */ = {
			isa = PBXGroup;
			children = (
				2722FCA5195EE8C7004C1191 /* MYIntroductionView.h */,
				2722FCA6195EE8C7004C1191 /* MYIntroductionView.m */,
				2722FCA7195EE8C7004C1191 /* MYIntroductionPanel.h */,
				2722FCA8195EE8C7004C1191 /* MYIntroductionPanel.m */,
			);
			name = MYIntroductionView;
			sourceTree = "<group>";
		};
		277229FB197E0EAC00EA2D65 /* 首页 */ = {
			isa = PBXGroup;
			children = (
				2723F5F21944716B000B59F7 /* dabiaocheHomeRankingCell.h */,
				2723F5F31944716B000B59F7 /* dabiaocheHomeRankingCell.m */,
				E5A61BCA18F04BDD00ED74A8 /* dabiaocheHomeViewController.h */,
				E5A61BCB18F04BDD00ED74A8 /* dabiaocheHomeViewController.m */,
			);
			name = "首页";
			sourceTree = "<group>";
		};
		277229FC197E0EC400EA2D65 /* 登录注册 */ = {
			isa = PBXGroup;
			children = (
				E5A61BCD18F04D9E00ED74A8 /* dabiaocheRegisterViewController.h */,
				E5A61BCE18F04D9E00ED74A8 /* dabiaocheRegisterViewController.m */,
				E5AEE95A19168BE00095E10C /* dabiaocheLoginViewController.h */,
				E5AEE95B19168BE00095E10C /* dabiaocheLoginViewController.m */,
				27BCF15C19557EB8003B34CB /* dabiaocheSettingViewController.h */,
				27BCF15D19557EB8003B34CB /* dabiaocheSettingViewController.m */,
				E53F209119055D800029DF53 /* dabiaocheBrandViewController.h */,
				E53F209219055D800029DF53 /* dabiaocheBrandViewController.m */,
				E53F2096190BE3F40029DF53 /* dabiaocheCarModelViewController.h */,
				E53F2097190BE3F40029DF53 /* dabiaocheCarModelViewController.m */,
			);
			name = "登录注册";
			sourceTree = "<group>";
		};
		277229FD197E0F2800EA2D65 /* 通用 */ = {
			isa = PBXGroup;
			children = (
				E53F2099190D640E0029DF53 /* dabiaocheEditBoxViewController.h */,
				E53F209A190D640E0029DF53 /* dabiaocheEditBoxViewController.m */,
			);
			name = "通用";
			sourceTree = "<group>";
		};
		E5A61B6018EFEA5700ED74A8 = {
			isa = PBXGroup;
			children = (
				E5A61BA318EFF23D00ED74A8 /* Resources */,
				E5A61B7418EFEA5800ED74A8 /* dabiaoche */,
				E5A61B9118EFEA5900ED74A8 /* dabiaocheTests */,
				E5A61B6B18EFEA5800ED74A8 /* Frameworks */,
				E5A61B6A18EFEA5800ED74A8 /* Products */,
			);
			sourceTree = "<group>";
		};
		E5A61B6A18EFEA5800ED74A8 /* Products */ = {
			isa = PBXGroup;
			children = (
				E5A61B6918EFEA5800ED74A8 /* dabiaoche.app */,
				E5A61B8918EFEA5900ED74A8 /* dabiaocheTests.xctest */,
			);
			name = Products;
			sourceTree = "<group>";
		};
		E5A61B6B18EFEA5800ED74A8 /* Frameworks */ = {
			isa = PBXGroup;
			children = (
				2723F5EE19437023000B59F7 /* AVFoundation.framework */,
				E5AEE966191BD8A00095E10C /* CoreMotion.framework */,
				E53F209C190FF2AD0029DF53 /* CoreLocation.framework */,
				E5A61B6C18EFEA5800ED74A8 /* Foundation.framework */,
				E5A61B6E18EFEA5800ED74A8 /* CoreGraphics.framework */,
				E5A61B7018EFEA5800ED74A8 /* UIKit.framework */,
				E5A61B7218EFEA5800ED74A8 /* CoreData.framework */,
				E5A61B8A18EFEA5900ED74A8 /* XCTest.framework */,
			);
			name = Frameworks;
			sourceTree = "<group>";
		};
		E5A61B7418EFEA5800ED74A8 /* dabiaoche */ = {
			isa = PBXGroup;
			children = (
				277229FD197E0F2800EA2D65 /* 通用 */,
				277229FC197E0EC400EA2D65 /* 登录注册 */,
				277229FB197E0EAC00EA2D65 /* 首页 */,
				270F180D1966CCF300F6D354 /* AFNetworking */,
				270F18211966CCF300F6D354 /* UIKit+AFNetworking */,
				2722FCA4195EE8B9004C1191 /* MYIntroductionView */,
				E5311FF9192A50BE004A8ABA /* iPhoneGraphViewController.m */,
				E5311FFA192A50BE004A8ABA /* iPhoneGraphViewController.h */,
				E5AEE960191BCA340095E10C /* AccelerometerFilter.h */,
				E5AEE961191BCA340095E10C /* AccelerometerFilter.m */,
				E5AEE95D191BC8230095E10C /* GraphView.h */,
				E5AEE95E191BC8230095E10C /* GraphView.m */,
				E5A61BA118EFEBDB00ED74A8 /* Storyboard.storyboard */,
				E5A61B7D18EFEA5800ED74A8 /* dabiaocheAppDelegate.h */,
				E5A61B7E18EFEA5800ED74A8 /* dabiaocheAppDelegate.m */,
				E5A61B8318EFEA5900ED74A8 /* Images.xcassets */,
				E5A61B8018EFEA5800ED74A8 /* dabiaoche.xcdatamodeld */,
				E5A61B7518EFEA5800ED74A8 /* Supporting Files */,
				E53F209E19128A3E0029DF53 /* dabiaocheCityViewController.h */,
				E53F209F19128A3E0029DF53 /* dabiaocheCityViewController.m */,
				E5AEE95719167C000095E10C /* NSString+MD5HexDigest.h */,
				E5AEE95819167C000095E10C /* NSString+MD5HexDigest.m */,
				E5AEE963191BCBA90095E10C /* dabiaocheDragRaceViewController.h */,
				E5AEE964191BCBA90095E10C /* dabiaocheDragRaceViewController.m */,
				E5311FF31927A3F9004A8ABA /* dabiaocheRaceResultViewController.h */,
				E5311FF41927A3F9004A8ABA /* dabiaocheRaceResultViewController.m */,
				E5311FF61927B240004A8ABA /* dabiaocheRaceRecordCell.h */,
				E5311FF71927B240004A8ABA /* dabiaocheRaceRecordCell.m */,
				E5311FFC1930AE83004A8ABA /* dabiaocheImageLableCell.h */,
				E5311FFD1930AE83004A8ABA /* dabiaocheImageLableCell.m */,
				E52C6EFE19323A7200780E53 /* dabiaocheSaveRecordChooseCarmodelViewController.h */,
				E52C6EFF19323A7200780E53 /* dabiaocheSaveRecordChooseCarmodelViewController.m */,
				275DFE82193C3D5400101F59 /* dabiaocheMyRecordViewController.h */,
				275DFE83193C3D5400101F59 /* dabiaocheMyRecordViewController.m */,
				275DFE85193C41E300101F59 /* dabiaocheCarModelRecordTableViewCell.h */,
				275DFE86193C41E300101F59 /* dabiaocheCarModelRecordTableViewCell.m */,
				275DFE88193C464100101F59 /* dabiaocheCarModelSingleRecordTableViewCell.h */,
				275DFE89193C464100101F59 /* dabiaocheCarModelSingleRecordTableViewCell.m */,
				275DFE8B193C499A00101F59 /* Const.h */,
				275DFE8C193CB94A00101F59 /* NSObject+JSONCategories.h */,
				275DFE8D193CB94A00101F59 /* NSObject+JSONCategories.m */,
				2722FCAB195FBF58004C1191 /* dabiaocheGuidePageViewController.h */,
				2722FCAC195FBF58004C1191 /* dabiaocheGuidePageViewController.m */,
				2722FCAE1960586E004C1191 /* RequestPostUploadHelper.h */,
				2722FCAF196058B1004C1191 /* RequestPostUploadHelper.m */,
				27C48AA8196D8F95002FE623 /* dabiaochetestViewController.h */,
				27C48AA9196D8F95002FE623 /* dabiaochetestViewController.m */,
				27A9ADD41971934300D73C29 /* UIDevice+Resolutions.h */,
				27A9ADD51971934300D73C29 /* UIDevice+Resolutions.m */,
			);
			path = dabiaoche;
			sourceTree = "<group>";
		};
		E5A61B7518EFEA5800ED74A8 /* Supporting Files */ = {
			isa = PBXGroup;
			children = (
				E5A61B7618EFEA5800ED74A8 /* dabiaoche-Info.plist */,
				E5A61B7718EFEA5800ED74A8 /* InfoPlist.strings */,
				E5A61B7A18EFEA5800ED74A8 /* main.m */,
				E5A61B7C18EFEA5800ED74A8 /* dabiaoche-Prefix.pch */,
			);
			name = "Supporting Files";
			sourceTree = "<group>";
		};
		E5A61B9118EFEA5900ED74A8 /* dabiaocheTests */ = {
			isa = PBXGroup;
			children = (
				E5A61B9718EFEA5900ED74A8 /* dabiaocheTests.m */,
				E5A61B9218EFEA5900ED74A8 /* Supporting Files */,
			);
			path = dabiaocheTests;
			sourceTree = "<group>";
		};
		E5A61B9218EFEA5900ED74A8 /* Supporting Files */ = {
			isa = PBXGroup;
			children = (
				E5A61B9318EFEA5900ED74A8 /* dabiaocheTests-Info.plist */,
				E5A61B9418EFEA5900ED74A8 /* InfoPlist.strings */,
			);
			name = "Supporting Files";
			sourceTree = "<group>";
		};
		E5A61BA318EFF23D00ED74A8 /* Resources */ = {
			isa = PBXGroup;
			children = (
				27181468196986DC007C42A0 /* race.wav */,
				27A9ADDD197241FC00D73C29 /* aboutUs-logo@2x.png */,
				27A9ADE11972E73300D73C29 /* help-title@2x.png */,
				2718144A19694885007C42A0 /* home-ranking-1@2x.png */,
				2718144B19694885007C42A0 /* home-ranking-2@2x.png */,
				2718144C19694885007C42A0 /* home-ranking-3@2x.png */,
				2718144D19694885007C42A0 /* home-ranking-4@2x.png */,
				2718144E19694885007C42A0 /* home-ranking-5@2x.png */,
				2718144F19694885007C42A0 /* home-ranking-6@2x.png */,
				2718145019694885007C42A0 /* home-ranking-7@2x.png */,
				2718145119694885007C42A0 /* home-ranking-8@2x.png */,
				2718145219694885007C42A0 /* home-ranking-9@2x.png */,
				2718145319694885007C42A0 /* home-ranking-10@2x.png */,
				2718145E1969561C007C42A0 /* myResult-1-input@2x.png */,
				2718145F1969561C007C42A0 /* myResult-2-input@2x.png */,
				271814601969561C007C42A0 /* myResult-3-input@2x.png */,
				271814611969561C007C42A0 /* myResult-4-input@2x.png */,
				271814621969561C007C42A0 /* myResult-5-input@2x.png */,
				2718144819694141007C42A0 /* carModel@2x.png */,
				2722FC92195ED223004C1191 /* 启动画面01@2x.jpg */,
				2722FC93195ED223004C1191 /* 启动画面02@2x.jpg */,
				2722FC94195ED223004C1191 /* 启动画面03@2x.jpg */,
				27A9ADD719719CA500D73C29 /* 启动画面01_640@2x.jpg */,
				27A9ADD819719CA500D73C29 /* 启动画面02_640@2x.jpg */,
				27A9ADD919719CA500D73C29 /* 启动画面03_640@2x.jpg */,
				27BCF162195871E9003B34CB /* common-guanbi@2x.png */,
				E59C20B9194F4A9200B1EF79 /* home-shezhi-input@2x.png */,
				E5312005193114AD004A8ABA /* common-gou-input@2x.png */,
				E5311FF1192759EB004A8ABA /* testResult-yuanquan-input@2x.png */,
				2718146D196B0295007C42A0 /* testing-guide01@2x.jpg */,
				2718146F196B0405007C42A0 /* testing-ring01@2x.png */,
				270D5AA3196EEDF3007EA975 /* testing-ring02@2x.png */,
				27181476196C498A007C42A0 /* testing-step3-01@2x.png */,
				27181477196C498A007C42A0 /* testing-step3-02@2x.png */,
				27181478196C498A007C42A0 /* testing-step3-03@2x.png */,
				E5006E7818F92D120059B3FD /* testing-yuandian-input@2x.png */,
				E5006E7918F92D120059B3FD /* testing-duanfenge-input@2x.png */,
				E5006E7A18F92D120059B3FD /* testing-shuxian-input@2x.png */,
				E5A61BBC18EFF33D00ED74A8 /* home-pai2-input@2x.png */,
				E5A61BBD18EFF33D00ED74A8 /* home-daanniu-input@2x.png */,
				E5A61BBE18EFF33D00ED74A8 /* home-jin-input@2x.png */,
				E5A61BBF18EFF33D00ED74A8 /* home-pai1-input@2x.png */,
				E5A61BC018EFF33D00ED74A8 /* home-tong-input@2x.png */,
				E5A61BC118EFF33D00ED74A8 /* home-yin-input@2x.png */,
				E5A61BA418EFF2FE00ED74A8 /* common-qita-input@2x.png */,
				E5A61BA518EFF2FE00ED74A8 /* common-changanniu-input@2x.png */,
				E5A61BA618EFF2FE00ED74A8 /* common-fenge-input@2x.png */,
				E5A61BA718EFF2FE00ED74A8 /* common-genghuan-input@2x.png */,
				E5A61BA818EFF2FE00ED74A8 /* common-houtui-input@2x.png */,
				E5A61BA918EFF2FE00ED74A8 /* common-jiantou-input@2x.png */,
				E5A61BAA18EFF2FE00ED74A8 /* common-mima-input@2x.png */,
				E5A61BAB18EFF2FE00ED74A8 /* common-shanchu-input@2x.png */,
				E5A61BAC18EFF2FE00ED74A8 /* common-shurukuang-input@2x.png */,
				E5A61BAD18EFF2FE00ED74A8 /* common-yonghuming-input@2x.png */,
				E5A61BAE18EFF2FE00ED74A8 /* common-youjian-input@2x.png */,
				E5A61BAF18EFF2FE00ED74A8 /* common-zhonganniu-input@2x.png */,
			);
			name = Resources;
			sourceTree = "<group>";
		};
/* End PBXGroup section */

/* Begin PBXNativeTarget section */
		E5A61B6818EFEA5700ED74A8 /* dabiaoche */ = {
			isa = PBXNativeTarget;
			buildConfigurationList = E5A61B9B18EFEA5A00ED74A8 /* Build configuration list for PBXNativeTarget "dabiaoche" */;
			buildPhases = (
				E5A61B6518EFEA5700ED74A8 /* Sources */,
				E5A61B6618EFEA5700ED74A8 /* Frameworks */,
				E5A61B6718EFEA5700ED74A8 /* Resources */,
			);
			buildRules = (
				27425EC51980089B0060FC61 /* PBXBuildRule */,
				27425EC4198008980060FC61 /* PBXBuildRule */,
			);
			dependencies = (
			);
			name = dabiaoche;
			productName = dabiaoche;
			productReference = E5A61B6918EFEA5800ED74A8 /* dabiaoche.app */;
			productType = "com.apple.product-type.application";
		};
		E5A61B8818EFEA5900ED74A8 /* dabiaocheTests */ = {
			isa = PBXNativeTarget;
			buildConfigurationList = E5A61B9E18EFEA5A00ED74A8 /* Build configuration list for PBXNativeTarget "dabiaocheTests" */;
			buildPhases = (
				E5A61B8518EFEA5900ED74A8 /* Sources */,
				E5A61B8618EFEA5900ED74A8 /* Frameworks */,
				E5A61B8718EFEA5900ED74A8 /* Resources */,
			);
			buildRules = (
			);
			dependencies = (
				E5A61B9018EFEA5900ED74A8 /* PBXTargetDependency */,
			);
			name = dabiaocheTests;
			productName = dabiaocheTests;
			productReference = E5A61B8918EFEA5900ED74A8 /* dabiaocheTests.xctest */;
			productType = "com.apple.product-type.bundle.unit-test";
		};
/* End PBXNativeTarget section */

/* Begin PBXProject section */
		E5A61B6118EFEA5700ED74A8 /* Project object */ = {
			isa = PBXProject;
			attributes = {
				CLASSPREFIX = dabiaoche;
				LastUpgradeCheck = 0500;
				ORGANIZATIONNAME = "li losser";
				TargetAttributes = {
					E5A61B6818EFEA5700ED74A8 = {
						DevelopmentTeam = 8HYV8XH4XQ;
						SystemCapabilities = {
							com.apple.iOS = {
								enabled = 0;
							};
						};
					};
					E5A61B8818EFEA5900ED74A8 = {
						TestTargetID = E5A61B6818EFEA5700ED74A8;
					};
				};
			};
			buildConfigurationList = E5A61B6418EFEA5700ED74A8 /* Build configuration list for PBXProject "dabiaoche" */;
			compatibilityVersion = "Xcode 3.2";
			developmentRegion = English;
			hasScannedForEncodings = 0;
			knownRegions = (
				en,
				"zh-Hans",
			);
			mainGroup = E5A61B6018EFEA5700ED74A8;
			productRefGroup = E5A61B6A18EFEA5800ED74A8 /* Products */;
			projectDirPath = "";
			projectRoot = "";
			targets = (
				E5A61B6818EFEA5700ED74A8 /* dabiaoche */,
				E5A61B8818EFEA5900ED74A8 /* dabiaocheTests */,
			);
		};
/* End PBXProject section */

/* Begin PBXResourcesBuildPhase section */
		E5A61B6718EFEA5700ED74A8 /* Resources */ = {
			isa = PBXResourcesBuildPhase;
			buildActionMask = 2147483647;
			files = (
				E5A61BB418EFF2FE00ED74A8 /* common-houtui-input@2x.png in Resources */,
				2718145D19694885007C42A0 /* home-ranking-10@2x.png in Resources */,
				2718145919694885007C42A0 /* home-ranking-6@2x.png in Resources */,
				2718145519694885007C42A0 /* home-ranking-2@2x.png in Resources */,
				E5006E7D18F92D120059B3FD /* testing-shuxian-input@2x.png in Resources */,
				E5A61BB318EFF2FE00ED74A8 /* common-genghuan-input@2x.png in Resources */,
				E5A61BC218EFF33D00ED74A8 /* home-pai2-input@2x.png in Resources */,
				2722FC96195ED223004C1191 /* 启动画面02@2x.jpg in Resources */,
				E59C20BA194F4A9200B1EF79 /* home-shezhi-input@2x.png in Resources */,
				27A9ADDB19719CA500D73C29 /* 启动画面02_640@2x.jpg in Resources */,
				2718145A19694885007C42A0 /* home-ranking-7@2x.png in Resources */,
				271814661969561C007C42A0 /* myResult-4-input@2x.png in Resources */,
				2718147B196C498A007C42A0 /* testing-step3-03@2x.png in Resources */,
				E5A61BBB18EFF2FE00ED74A8 /* common-zhonganniu-input@2x.png in Resources */,
				2718145C19694885007C42A0 /* home-ranking-9@2x.png in Resources */,
				E5A61BB218EFF2FE00ED74A8 /* common-fenge-input@2x.png in Resources */,
				E5311FF2192759EB004A8ABA /* testResult-yuanquan-input@2x.png in Resources */,
				27181469196986DC007C42A0 /* race.wav in Resources */,
				E5A61B7918EFEA5800ED74A8 /* InfoPlist.strings in Resources */,
				E5A61BB618EFF2FE00ED74A8 /* common-mima-input@2x.png in Resources */,
				E5A61BB518EFF2FE00ED74A8 /* common-jiantou-input@2x.png in Resources */,
				27A9ADDC19719CA500D73C29 /* 启动画面03_640@2x.jpg in Resources */,
				27181479196C498A007C42A0 /* testing-step3-01@2x.png in Resources */,
				2718147A196C498A007C42A0 /* testing-step3-02@2x.png in Resources */,
				2718145419694885007C42A0 /* home-ranking-1@2x.png in Resources */,
				E5A61BC318EFF33D00ED74A8 /* home-daanniu-input@2x.png in Resources */,
				E5A61BBA18EFF2FE00ED74A8 /* common-youjian-input@2x.png in Resources */,
				27181470196B0405007C42A0 /* testing-ring01@2x.png in Resources */,
				271814651969561C007C42A0 /* myResult-3-input@2x.png in Resources */,
				E5A61BC618EFF33D00ED74A8 /* home-tong-input@2x.png in Resources */,
				E5A61B8418EFEA5900ED74A8 /* Images.xcassets in Resources */,
				271814641969561C007C42A0 /* myResult-2-input@2x.png in Resources */,
				2718145819694885007C42A0 /* home-ranking-5@2x.png in Resources */,
				27BCF163195871E9003B34CB /* common-guanbi@2x.png in Resources */,
				E5A61BB118EFF2FE00ED74A8 /* common-changanniu-input@2x.png in Resources */,
				270D5AA4196EEDF3007EA975 /* testing-ring02@2x.png in Resources */,
				E5006E7C18F92D120059B3FD /* testing-duanfenge-input@2x.png in Resources */,
				2718146E196B0295007C42A0 /* testing-guide01@2x.jpg in Resources */,
				2718145619694885007C42A0 /* home-ranking-3@2x.png in Resources */,
				2718145719694885007C42A0 /* home-ranking-4@2x.png in Resources */,
				2722FC97195ED223004C1191 /* 启动画面03@2x.jpg in Resources */,
				E5A61BC518EFF33D00ED74A8 /* home-pai1-input@2x.png in Resources */,
				E5A61BB918EFF2FE00ED74A8 /* common-yonghuming-input@2x.png in Resources */,
				E5006E7B18F92D120059B3FD /* testing-yuandian-input@2x.png in Resources */,
				2718144919694141007C42A0 /* carModel@2x.png in Resources */,
				2718145B19694885007C42A0 /* home-ranking-8@2x.png in Resources */,
				E5A61BA218EFEBDB00ED74A8 /* Storyboard.storyboard in Resources */,
				E5A61BC418EFF33D00ED74A8 /* home-jin-input@2x.png in Resources */,
				27A9ADE21972E73300D73C29 /* help-title@2x.png in Resources */,
				271814671969561C007C42A0 /* myResult-5-input@2x.png in Resources */,
				27A9ADDA19719CA500D73C29 /* 启动画面01_640@2x.jpg in Resources */,
				E5312006193114AD004A8ABA /* common-gou-input@2x.png in Resources */,
				27A9ADDE197241FC00D73C29 /* aboutUs-logo@2x.png in Resources */,
				E5A61BB718EFF2FE00ED74A8 /* common-shanchu-input@2x.png in Resources */,
				E5A61BB018EFF2FE00ED74A8 /* common-qita-input@2x.png in Resources */,
				271814631969561C007C42A0 /* myResult-1-input@2x.png in Resources */,
				E5A61BB818EFF2FE00ED74A8 /* common-shurukuang-input@2x.png in Resources */,
				E5A61BC718EFF33D00ED74A8 /* home-yin-input@2x.png in Resources */,
				2722FC95195ED223004C1191 /* 启动画面01@2x.jpg in Resources */,
			);
			runOnlyForDeploymentPostprocessing = 0;
		};
		E5A61B8718EFEA5900ED74A8 /* Resources */ = {
			isa = PBXResourcesBuildPhase;
			buildActionMask = 2147483647;
			files = (
				E5A61B9618EFEA5900ED74A8 /* InfoPlist.strings in Resources */,
			);
			runOnlyForDeploymentPostprocessing = 0;
		};
/* End PBXResourcesBuildPhase section */

/* Begin PBXSourcesBuildPhase section */
		E5A61B6518EFEA5700ED74A8 /* Sources */ = {
			isa = PBXSourcesBuildPhase;
			buildActionMask = 2147483647;
			files = (
				E5AEE95C19168BE00095E10C /* dabiaocheLoginViewController.m in Sources */,
				E5AEE95919167C000095E10C /* NSString+MD5HexDigest.m in Sources */,
				270F183F1966CCF300F6D354 /* UIButton+AFNetworking.m in Sources */,
				E53F2098190BE3F40029DF53 /* dabiaocheCarModelViewController.m in Sources */,
				2722FCAD195FBF58004C1191 /* dabiaocheGuidePageViewController.m in Sources */,
				E5311FF51927A3F9004A8ABA /* dabiaocheRaceResultViewController.m in Sources */,
				E5AEE95F191BC8230095E10C /* GraphView.m in Sources */,
				270F183D1966CCF300F6D354 /* UIActivityIndicatorView+AFNetworking.m in Sources */,
				270F183E1966CCF300F6D354 /* UIAlertView+AFNetworking.m in Sources */,
				2722FCB0196058B1004C1191 /* RequestPostUploadHelper.m in Sources */,
				E5A61BCC18F04BDD00ED74A8 /* dabiaocheHomeViewController.m in Sources */,
				270F183A1966CCF300F6D354 /* AFURLResponseSerialization.m in Sources */,
				E53F209B190D640E0029DF53 /* dabiaocheEditBoxViewController.m in Sources */,
				E53F209319055D800029DF53 /* dabiaocheBrandViewController.m in Sources */,
				275DFE84193C3D5400101F59 /* dabiaocheMyRecordViewController.m in Sources */,
				2722FCAA195EE8C7004C1191 /* MYIntroductionPanel.m in Sources */,
				270F18431966CCF300F6D354 /* UIWebView+AFNetworking.m in Sources */,
				270F18331966CCF300F6D354 /* AFHTTPRequestOperation.m in Sources */,
				E5A61B8218EFEA5900ED74A8 /* dabiaoche.xcdatamodeld in Sources */,
				270F18381966CCF300F6D354 /* AFURLConnectionOperation.m in Sources */,
				275DFE8E193CB94A00101F59 /* NSObject+JSONCategories.m in Sources */,
				27C48AAA196D8F95002FE623 /* dabiaochetestViewController.m in Sources */,
				27BCF15E19557EB8003B34CB /* dabiaocheSettingViewController.m in Sources */,
				E5A61B7B18EFEA5800ED74A8 /* main.m in Sources */,
				E53F20A019128A3E0029DF53 /* dabiaocheCityViewController.m in Sources */,
				270F18401966CCF300F6D354 /* UIImageView+AFNetworking.m in Sources */,
				270F18411966CCF300F6D354 /* UIProgressView+AFNetworking.m in Sources */,
				E5311FFE1930AE83004A8ABA /* dabiaocheImageLableCell.m in Sources */,
				275DFE87193C41E300101F59 /* dabiaocheCarModelRecordTableViewCell.m in Sources */,
				270F18341966CCF300F6D354 /* AFHTTPRequestOperationManager.m in Sources */,
				E5A61BCF18F04D9E00ED74A8 /* dabiaocheRegisterViewController.m in Sources */,
				2723F5F41944716B000B59F7 /* dabiaocheHomeRankingCell.m in Sources */,
				270F18351966CCF300F6D354 /* AFHTTPSessionManager.m in Sources */,
				27A9ADD61971934300D73C29 /* UIDevice+Resolutions.m in Sources */,
				E5311FFB192A50BE004A8ABA /* iPhoneGraphViewController.m in Sources */,
				270F18421966CCF300F6D354 /* UIRefreshControl+AFNetworking.m in Sources */,
				275DFE8A193C464100101F59 /* dabiaocheCarModelSingleRecordTableViewCell.m in Sources */,
				270F18391966CCF300F6D354 /* AFURLRequestSerialization.m in Sources */,
				270F183B1966CCF300F6D354 /* AFURLSessionManager.m in Sources */,
				270F18371966CCF300F6D354 /* AFSecurityPolicy.m in Sources */,
				2722FCA9195EE8C7004C1191 /* MYIntroductionView.m in Sources */,
				E5AEE962191BCA340095E10C /* AccelerometerFilter.m in Sources */,
				E52C6F0019323A7200780E53 /* dabiaocheSaveRecordChooseCarmodelViewController.m in Sources */,
				E5AEE965191BCBA90095E10C /* dabiaocheDragRaceViewController.m in Sources */,
				270F183C1966CCF300F6D354 /* AFNetworkActivityIndicatorManager.m in Sources */,
				E5311FF81927B240004A8ABA /* dabiaocheRaceRecordCell.m in Sources */,
				270F18361966CCF300F6D354 /* AFNetworkReachabilityManager.m in Sources */,
				E5A61B7F18EFEA5800ED74A8 /* dabiaocheAppDelegate.m in Sources */,
			);
			runOnlyForDeploymentPostprocessing = 0;
		};
		E5A61B8518EFEA5900ED74A8 /* Sources */ = {
			isa = PBXSourcesBuildPhase;
			buildActionMask = 2147483647;
			files = (
				E5A61B9818EFEA5900ED74A8 /* dabiaocheTests.m in Sources */,
			);
			runOnlyForDeploymentPostprocessing = 0;
		};
/* End PBXSourcesBuildPhase section */

/* Begin PBXTargetDependency section */
		E5A61B9018EFEA5900ED74A8 /* PBXTargetDependency */ = {
			isa = PBXTargetDependency;
			target = E5A61B6818EFEA5700ED74A8 /* dabiaoche */;
			targetProxy = E5A61B8F18EFEA5900ED74A8 /* PBXContainerItemProxy */;
		};
/* End PBXTargetDependency section */

/* Begin PBXVariantGroup section */
		E5A61B7718EFEA5800ED74A8 /* InfoPlist.strings */ = {
			isa = PBXVariantGroup;
			children = (
				27A9ADE31976BFBC00D73C29 /* zh-Hans */,
			);
			name = InfoPlist.strings;
			sourceTree = "<group>";
		};
		E5A61B9418EFEA5900ED74A8 /* InfoPlist.strings */ = {
			isa = PBXVariantGroup;
			children = (
				27A9ADE41976BFBC00D73C29 /* zh-Hans */,
			);
			name = InfoPlist.strings;
			sourceTree = "<group>";
		};
/* End PBXVariantGroup section */

/* Begin XCBuildConfiguration section */
		E5A61B9918EFEA5A00ED74A8 /* Debug */ = {
			isa = XCBuildConfiguration;
			buildSettings = {
				ALWAYS_SEARCH_USER_PATHS = NO;
				ARCHS = "$(ARCHS_STANDARD_INCLUDING_64_BIT)";
				CLANG_CXX_LANGUAGE_STANDARD = "gnu++0x";
				CLANG_CXX_LIBRARY = "libc++";
				CLANG_ENABLE_MODULES = YES;
				CLANG_ENABLE_OBJC_ARC = YES;
				CLANG_WARN_BOOL_CONVERSION = YES;
				CLANG_WARN_CONSTANT_CONVERSION = YES;
				CLANG_WARN_DIRECT_OBJC_ISA_USAGE = YES_ERROR;
				CLANG_WARN_EMPTY_BODY = YES;
				CLANG_WARN_ENUM_CONVERSION = YES;
				CLANG_WARN_INT_CONVERSION = YES;
				CLANG_WARN_OBJC_ROOT_CLASS = YES_ERROR;
				CLANG_WARN__DUPLICATE_METHOD_MATCH = YES;
				CODE_SIGN_IDENTITY = "iPhone Developer: 乐 宋 (7LH924YD74)";
				"CODE_SIGN_IDENTITY[sdk=iphoneos*]" = "iPhone Developer: 乐 宋 (7LH924YD74)";
				COPY_PHASE_STRIP = NO;
				GCC_C_LANGUAGE_STANDARD = gnu99;
				GCC_DYNAMIC_NO_PIC = NO;
				GCC_OPTIMIZATION_LEVEL = 0;
				GCC_PREPROCESSOR_DEFINITIONS = (
					"DEBUG=1",
					"$(inherited)",
				);
				GCC_SYMBOLS_PRIVATE_EXTERN = NO;
				GCC_WARN_64_TO_32_BIT_CONVERSION = YES;
				GCC_WARN_ABOUT_RETURN_TYPE = YES_ERROR;
				GCC_WARN_UNDECLARED_SELECTOR = YES;
				GCC_WARN_UNINITIALIZED_AUTOS = YES;
				GCC_WARN_UNUSED_FUNCTION = YES;
				GCC_WARN_UNUSED_VARIABLE = YES;
				IPHONEOS_DEPLOYMENT_TARGET = 7.0;
				ONLY_ACTIVE_ARCH = YES;
				PROVISIONING_PROFILE = "2326066B-9C2D-4E75-806E-0227463D205E";
				SDKROOT = iphoneos;
			};
			name = Debug;
		};
		E5A61B9A18EFEA5A00ED74A8 /* Release */ = {
			isa = XCBuildConfiguration;
			buildSettings = {
				ALWAYS_SEARCH_USER_PATHS = NO;
				ARCHS = "$(ARCHS_STANDARD_INCLUDING_64_BIT)";
				CLANG_CXX_LANGUAGE_STANDARD = "gnu++0x";
				CLANG_CXX_LIBRARY = "libc++";
				CLANG_ENABLE_MODULES = YES;
				CLANG_ENABLE_OBJC_ARC = YES;
				CLANG_WARN_BOOL_CONVERSION = YES;
				CLANG_WARN_CONSTANT_CONVERSION = YES;
				CLANG_WARN_DIRECT_OBJC_ISA_USAGE = YES_ERROR;
				CLANG_WARN_EMPTY_BODY = YES;
				CLANG_WARN_ENUM_CONVERSION = YES;
				CLANG_WARN_INT_CONVERSION = YES;
				CLANG_WARN_OBJC_ROOT_CLASS = YES_ERROR;
				CLANG_WARN__DUPLICATE_METHOD_MATCH = YES;
				CODE_SIGN_IDENTITY = "iPhone Developer: 乐 宋 (7LH924YD74)";
				"CODE_SIGN_IDENTITY[sdk=iphoneos*]" = "iPhone Developer: 乐 宋 (7LH924YD74)";
				COPY_PHASE_STRIP = YES;
				ENABLE_NS_ASSERTIONS = NO;
				GCC_C_LANGUAGE_STANDARD = gnu99;
				GCC_WARN_64_TO_32_BIT_CONVERSION = YES;
				GCC_WARN_ABOUT_RETURN_TYPE = YES_ERROR;
				GCC_WARN_UNDECLARED_SELECTOR = YES;
				GCC_WARN_UNINITIALIZED_AUTOS = YES;
				GCC_WARN_UNUSED_FUNCTION = YES;
				GCC_WARN_UNUSED_VARIABLE = YES;
				IPHONEOS_DEPLOYMENT_TARGET = 7.0;
				PROVISIONING_PROFILE = "2326066B-9C2D-4E75-806E-0227463D205E";
				SDKROOT = iphoneos;
				VALIDATE_PRODUCT = YES;
			};
			name = Release;
		};
		E5A61B9C18EFEA5A00ED74A8 /* Debug */ = {
			isa = XCBuildConfiguration;
			buildSettings = {
				ASSETCATALOG_COMPILER_APPICON_NAME = AppIcon;
				ASSETCATALOG_COMPILER_LAUNCHIMAGE_NAME = LaunchImage;
				CODE_SIGN_IDENTITY = "iPhone Distribution: le song (8HYV8XH4XQ)";
				"CODE_SIGN_IDENTITY[sdk=iphoneos*]" = "iPhone Distribution: le song (8HYV8XH4XQ)";
				GCC_PRECOMPILE_PREFIX_HEADER = YES;
				GCC_PREFIX_HEADER = "dabiaoche/dabiaoche-Prefix.pch";
				INFOPLIST_FILE = "dabiaoche/dabiaoche-Info.plist";
				IPHONEOS_DEPLOYMENT_TARGET = 7.0;
				PRODUCT_NAME = "$(TARGET_NAME)";
				PROVISIONING_PROFILE = "2326066B-9C2D-4E75-806E-0227463D205E";
				TARGETED_DEVICE_FAMILY = 1;
				WRAPPER_EXTENSION = app;
			};
			name = Debug;
		};
		E5A61B9D18EFEA5A00ED74A8 /* Release */ = {
			isa = XCBuildConfiguration;
			buildSettings = {
				ASSETCATALOG_COMPILER_APPICON_NAME = AppIcon;
				ASSETCATALOG_COMPILER_LAUNCHIMAGE_NAME = LaunchImage;
				CODE_SIGN_IDENTITY = "iPhone Distribution: le song (8HYV8XH4XQ)";
				"CODE_SIGN_IDENTITY[sdk=iphoneos*]" = "iPhone Distribution: le song (8HYV8XH4XQ)";
				GCC_PRECOMPILE_PREFIX_HEADER = YES;
				GCC_PREFIX_HEADER = "dabiaoche/dabiaoche-Prefix.pch";
				INFOPLIST_FILE = "dabiaoche/dabiaoche-Info.plist";
				IPHONEOS_DEPLOYMENT_TARGET = 7.0;
				PRODUCT_NAME = "$(TARGET_NAME)";
				PROVISIONING_PROFILE = "2326066B-9C2D-4E75-806E-0227463D205E";
				TARGETED_DEVICE_FAMILY = 1;
				WRAPPER_EXTENSION = app;
			};
			name = Release;
		};
		E5A61B9F18EFEA5A00ED74A8 /* Debug */ = {
			isa = XCBuildConfiguration;
			buildSettings = {
				ARCHS = "$(ARCHS_STANDARD_INCLUDING_64_BIT)";
				BUNDLE_LOADER = "$(BUILT_PRODUCTS_DIR)/dabiaoche.app/dabiaoche";
				FRAMEWORK_SEARCH_PATHS = (
					"$(SDKROOT)/Developer/Library/Frameworks",
					"$(inherited)",
					"$(DEVELOPER_FRAMEWORKS_DIR)",
				);
				GCC_PRECOMPILE_PREFIX_HEADER = YES;
				GCC_PREFIX_HEADER = "dabiaoche/dabiaoche-Prefix.pch";
				GCC_PREPROCESSOR_DEFINITIONS = (
					"DEBUG=1",
					"$(inherited)",
				);
				INFOPLIST_FILE = "dabiaocheTests/dabiaocheTests-Info.plist";
				PRODUCT_NAME = "$(TARGET_NAME)";
				TEST_HOST = "$(BUNDLE_LOADER)";
				WRAPPER_EXTENSION = xctest;
			};
			name = Debug;
		};
		E5A61BA018EFEA5A00ED74A8 /* Release */ = {
			isa = XCBuildConfiguration;
			buildSettings = {
				ARCHS = "$(ARCHS_STANDARD_INCLUDING_64_BIT)";
				BUNDLE_LOADER = "$(BUILT_PRODUCTS_DIR)/dabiaoche.app/dabiaoche";
				FRAMEWORK_SEARCH_PATHS = (
					"$(SDKROOT)/Developer/Library/Frameworks",
					"$(inherited)",
					"$(DEVELOPER_FRAMEWORKS_DIR)",
				);
				GCC_PRECOMPILE_PREFIX_HEADER = YES;
				GCC_PREFIX_HEADER = "dabiaoche/dabiaoche-Prefix.pch";
				INFOPLIST_FILE = "dabiaocheTests/dabiaocheTests-Info.plist";
				PRODUCT_NAME = "$(TARGET_NAME)";
				TEST_HOST = "$(BUNDLE_LOADER)";
				WRAPPER_EXTENSION = xctest;
			};
			name = Release;
		};
/* End XCBuildConfiguration section */

/* Begin XCConfigurationList section */
		E5A61B6418EFEA5700ED74A8 /* Build configuration list for PBXProject "dabiaoche" */ = {
			isa = XCConfigurationList;
			buildConfigurations = (
				E5A61B9918EFEA5A00ED74A8 /* Debug */,
				E5A61B9A18EFEA5A00ED74A8 /* Release */,
			);
			defaultConfigurationIsVisible = 0;
			defaultConfigurationName = Release;
		};
		E5A61B9B18EFEA5A00ED74A8 /* Build configuration list for PBXNativeTarget "dabiaoche" */ = {
			isa = XCConfigurationList;
			buildConfigurations = (
				E5A61B9C18EFEA5A00ED74A8 /* Debug */,
				E5A61B9D18EFEA5A00ED74A8 /* Release */,
			);
			defaultConfigurationIsVisible = 0;
			defaultConfigurationName = Release;
		};
		E5A61B9E18EFEA5A00ED74A8 /* Build configuration list for PBXNativeTarget "dabiaocheTests" */ = {
			isa = XCConfigurationList;
			buildConfigurations = (
				E5A61B9F18EFEA5A00ED74A8 /* Debug */,
				E5A61BA018EFEA5A00ED74A8 /* Release */,
			);
			defaultConfigurationIsVisible = 0;
			defaultConfigurationName = Release;
		};
/* End XCConfigurationList section */

/* Begin XCVersionGroup section */
		E5A61B8018EFEA5800ED74A8 /* dabiaoche.xcdatamodeld */ = {
			isa = XCVersionGroup;
			children = (
				E5A61B8118EFEA5800ED74A8 /* dabiaoche.xcdatamodel */,
			);
			currentVersion = E5A61B8118EFEA5800ED74A8 /* dabiaoche.xcdatamodel */;
			path = dabiaoche.xcdatamodeld;
			sourceTree = "<group>";
			versionGroupType = wrapper.xcdatamodel;
		};
/* End XCVersionGroup section */
	};
	rootObject = E5A61B6118EFEA5700ED74A8 /* Project object */;
}
